
Microsoft Visual Studio Solution File, Format Version 12.00
# Visual Studio Version 17
VisualStudioVersion = 17.0.31903.59
MinimumVisualStudioVersion = 10.0.40219.1
Project("{2150E333-8FDC-42A3-9474-1A3956D46DE8}") = "src", "src", "{DDEA2A36-A095-4D6C-94F0-9C22F0D3A189}"
EndProject
Project("{2150E333-8FDC-42A3-9474-1A3956D46DE8}") = "doc", "doc", "{C8D5274F-AC00-46C7-1F8D-E88E81087A52}"
EndProject
Project("{2150E333-8FDC-42A3-9474-1A3956D46DE8}") = "protocol", "protocol", "{6BF3F3DE-FDCE-4270-95AE-A6257C284CE1}"
EndProject
Project("{F2A71F9B-5D33-465A-A702-920D77279786}") = "Ev2.AbProtocol", "protocol\ab\Ev2.AbProtocol\Ev2.AbProtocol.fsproj", "{DCD4DE7F-B65D-02ED-F0FD-87908F6048EC}"
EndProject
Project("{F2A71F9B-5D33-465A-A702-920D77279786}") = "Ev2.LsProtocol", "protocol\lselectric\Ev2.LsProtocol\Ev2.LsProtocol.fsproj", "{975BEBDD-9A6B-09F6-9BD3-EA87C399C801}"
EndProject
Project("{F2A71F9B-5D33-465A-A702-920D77279786}") = "Ev2.MxProtocol", "protocol\mitsubishi\Ev2.MxProtocol\Ev2.MxProtocol.fsproj", "{B0F4959B-A48D-3AE2-F396-87AEECB61F7F}"
EndProject
Project("{F2A71F9B-5D33-465A-A702-920D77279786}") = "Ev2.S7Protocol", "protocol\siemens\Ev2.S7Protocol\Ev2.S7Protocol.fsproj", "{8A12174A-FB54-E79A-86AF-DA0D8755F934}"
EndProject
Project("{2150E333-8FDC-42A3-9474-1A3956D46DE8}") = "UintTest", "UintTest", "{DB5DA0B7-FEF4-4314-05B0-37A7DB708D16}"
EndProject
Project("{2150E333-8FDC-42A3-9474-1A3956D46DE8}") = "AllenBradley", "AllenBradley", "{267FB914-5D64-FEC6-6486-E93F4D43D164}"
EndProject
Project("{2150E333-8FDC-42A3-9474-1A3956D46DE8}") = "lselectric", "lselectric", "{508E533D-24DC-ACDE-F4C5-885BC4F0421E}"
EndProject
Project("{2150E333-8FDC-42A3-9474-1A3956D46DE8}") = "mitsubishi", "mitsubishi", "{3F22036E-2CD3-E2CB-54F5-6FBA49C14E09}"
EndProject
Project("{2150E333-8FDC-42A3-9474-1A3956D46DE8}") = "siemens", "siemens", "{55840C8C-C038-8470-8C8C-ABF48C5112DC}"
EndProject
Project("{F2A71F9B-5D33-465A-A702-920D77279786}") = "Ev2.LsProtocol.Tests", "protocol\lselectric\Ev2.LsProtocol.Tests\Ev2.LsProtocol.Tests.fsproj", "{70FADFEC-DEBD-BAFF-8E57-4CF3087A92B8}"
EndProject
Project("{F2A71F9B-5D33-465A-A702-920D77279786}") = "Ev2.AbProtocol.Test", "protocol\ab\Ev2.AbProtocol.Test\Ev2.AbProtocol.Test.fsproj", "{F33461C1-DBBE-CB61-23BD-5E68E0DB107A}"
EndProject
Project("{F2A71F9B-5D33-465A-A702-920D77279786}") = "Ev2.MxProtocol.Tests", "protocol\mitsubishi\Ev2.MxProtocol.Tests\Ev2.MxProtocol.Tests.fsproj", "{2A6BF909-3D3E-0D7B-2F9D-20D42575E865}"
EndProject
Project("{F2A71F9B-5D33-465A-A702-920D77279786}") = "Ev2.ProtocolTestHelper", "UintTest\plc\Ev2.PLC.ProtocolTestHelper\Ev2.ProtocolTestHelper.fsproj", "{275284F0-71B6-5F1F-8BE4-EDB1006FC96F}"
EndProject
Project("{F2A71F9B-5D33-465A-A702-920D77279786}") = "Ev2.S7Protocol.Tests", "protocol\siemens\Ev2.S7Protocol.Tests\Ev2.S7Protocol.Tests.fsproj", "{D3853547-BF77-B186-6FA8-1598C2DDE33C}"
EndProject
Project("{F2A71F9B-5D33-465A-A702-920D77279786}") = "TotalProtocolTest", "protocol\TotalProtocolTest\TotalProtocolTest.fsproj", "{AF65BEDE-3AB6-91BE-83A1-A974B47BC7FA}"
EndProject
Project("{F2A71F9B-5D33-465A-A702-920D77279786}") = "Ev2.PLC.Common", "src\Ev2.PLC.Common.FS\Ev2.PLC.Common.fsproj", "{56FAD842-DEF1-A7B5-2BF7-FB60394A983D}"
EndProject
Project("{F2A71F9B-5D33-465A-A702-920D77279786}") = "Ev2.PLC.Driver", "src\Ev2.PLC.Server\Ev2.PLC.Driver.fsproj", "{560E3BFA-7CAD-13D4-8C32-60F935725C06}"
EndProject
Project("{F2A71F9B-5D33-465A-A702-920D77279786}") = "Ev2.PLC.Driver.Tests", "src\Ev2.PLC.Server.Tests\Ev2.PLC.Driver.Tests.fsproj", "{1A279FEF-EDA7-4729-0C74-8517C48928FF}"
EndProject
Project("{F2A71F9B-5D33-465A-A702-920D77279786}") = "Ev2.PLC.Mapper", "src\Ev2.PLC.Mapper\Ev2.PLC.Mapper.fsproj", "{6ACF05C6-8504-21EF-6BC0-525B1EE8EAE8}"
EndProject
Project("{F2A71F9B-5D33-465A-A702-920D77279786}") = "TotalMapperTest", "src\TotalMapperTest\TotalMapperTest.fsproj", "{27AE88F4-F5E6-8E78-9EB4-00EB91E05E9F}"
EndProject
Global
	GlobalSection(SolutionConfigurationPlatforms) = preSolution
		Debug|Any CPU = Debug|Any CPU
		Debug|x64 = Debug|x64
		Debug|x86 = Debug|x86
		Release|Any CPU = Release|Any CPU
		Release|x64 = Release|x64
		Release|x86 = Release|x86
	EndGlobalSection
	GlobalSection(ProjectConfigurationPlatforms) = postSolution
		{DCD4DE7F-B65D-02ED-F0FD-87908F6048EC}.Debug|Any CPU.ActiveCfg = Debug|Any CPU
		{DCD4DE7F-B65D-02ED-F0FD-87908F6048EC}.Debug|Any CPU.Build.0 = Debug|Any CPU
		{DCD4DE7F-B65D-02ED-F0FD-87908F6048EC}.Debug|x64.ActiveCfg = Debug|Any CPU
		{DCD4DE7F-B65D-02ED-F0FD-87908F6048EC}.Debug|x64.Build.0 = Debug|Any CPU
		{DCD4DE7F-B65D-02ED-F0FD-87908F6048EC}.Debug|x86.ActiveCfg = Debug|Any CPU
		{DCD4DE7F-B65D-02ED-F0FD-87908F6048EC}.Debug|x86.Build.0 = Debug|Any CPU
		{DCD4DE7F-B65D-02ED-F0FD-87908F6048EC}.Release|Any CPU.ActiveCfg = Release|Any CPU
		{DCD4DE7F-B65D-02ED-F0FD-87908F6048EC}.Release|Any CPU.Build.0 = Release|Any CPU
		{DCD4DE7F-B65D-02ED-F0FD-87908F6048EC}.Release|x64.ActiveCfg = Release|Any CPU
		{DCD4DE7F-B65D-02ED-F0FD-87908F6048EC}.Release|x64.Build.0 = Release|Any CPU
		{DCD4DE7F-B65D-02ED-F0FD-87908F6048EC}.Release|x86.ActiveCfg = Release|Any CPU
		{DCD4DE7F-B65D-02ED-F0FD-87908F6048EC}.Release|x86.Build.0 = Release|Any CPU
		{975BEBDD-9A6B-09F6-9BD3-EA87C399C801}.Debug|Any CPU.ActiveCfg = Debug|Any CPU
		{975BEBDD-9A6B-09F6-9BD3-EA87C399C801}.Debug|Any CPU.Build.0 = Debug|Any CPU
		{975BEBDD-9A6B-09F6-9BD3-EA87C399C801}.Debug|x64.ActiveCfg = Debug|Any CPU
		{975BEBDD-9A6B-09F6-9BD3-EA87C399C801}.Debug|x64.Build.0 = Debug|Any CPU
		{975BEBDD-9A6B-09F6-9BD3-EA87C399C801}.Debug|x86.ActiveCfg = Debug|Any CPU
		{975BEBDD-9A6B-09F6-9BD3-EA87C399C801}.Debug|x86.Build.0 = Debug|Any CPU
		{975BEBDD-9A6B-09F6-9BD3-EA87C399C801}.Release|Any CPU.ActiveCfg = Release|Any CPU
		{975BEBDD-9A6B-09F6-9BD3-EA87C399C801}.Release|Any CPU.Build.0 = Release|Any CPU
		{975BEBDD-9A6B-09F6-9BD3-EA87C399C801}.Release|x64.ActiveCfg = Release|Any CPU
		{975BEBDD-9A6B-09F6-9BD3-EA87C399C801}.Release|x64.Build.0 = Release|Any CPU
		{975BEBDD-9A6B-09F6-9BD3-EA87C399C801}.Release|x86.ActiveCfg = Release|Any CPU
		{975BEBDD-9A6B-09F6-9BD3-EA87C399C801}.Release|x86.Build.0 = Release|Any CPU
		{B0F4959B-A48D-3AE2-F396-87AEECB61F7F}.Debug|Any CPU.ActiveCfg = Debug|Any CPU
		{B0F4959B-A48D-3AE2-F396-87AEECB61F7F}.Debug|Any CPU.Build.0 = Debug|Any CPU
		{B0F4959B-A48D-3AE2-F396-87AEECB61F7F}.Debug|x64.ActiveCfg = Debug|Any CPU
		{B0F4959B-A48D-3AE2-F396-87AEECB61F7F}.Debug|x64.Build.0 = Debug|Any CPU
		{B0F4959B-A48D-3AE2-F396-87AEECB61F7F}.Debug|x86.ActiveCfg = Debug|Any CPU
		{B0F4959B-A48D-3AE2-F396-87AEECB61F7F}.Debug|x86.Build.0 = Debug|Any CPU
		{B0F4959B-A48D-3AE2-F396-87AEECB61F7F}.Release|Any CPU.ActiveCfg = Release|Any CPU
		{B0F4959B-A48D-3AE2-F396-87AEECB61F7F}.Release|Any CPU.Build.0 = Release|Any CPU
		{B0F4959B-A48D-3AE2-F396-87AEECB61F7F}.Release|x64.ActiveCfg = Release|Any CPU
		{B0F4959B-A48D-3AE2-F396-87AEECB61F7F}.Release|x64.Build.0 = Release|Any CPU
		{B0F4959B-A48D-3AE2-F396-87AEECB61F7F}.Release|x86.ActiveCfg = Release|Any CPU
		{B0F4959B-A48D-3AE2-F396-87AEECB61F7F}.Release|x86.Build.0 = Release|Any CPU
		{8A12174A-FB54-E79A-86AF-DA0D8755F934}.Debug|Any CPU.ActiveCfg = Debug|Any CPU
		{8A12174A-FB54-E79A-86AF-DA0D8755F934}.Debug|Any CPU.Build.0 = Debug|Any CPU
		{8A12174A-FB54-E79A-86AF-DA0D8755F934}.Debug|x64.ActiveCfg = Debug|Any CPU
		{8A12174A-FB54-E79A-86AF-DA0D8755F934}.Debug|x64.Build.0 = Debug|Any CPU
		{8A12174A-FB54-E79A-86AF-DA0D8755F934}.Debug|x86.ActiveCfg = Debug|Any CPU
		{8A12174A-FB54-E79A-86AF-DA0D8755F934}.Debug|x86.Build.0 = Debug|Any CPU
		{8A12174A-FB54-E79A-86AF-DA0D8755F934}.Release|Any CPU.ActiveCfg = Release|Any CPU
		{8A12174A-FB54-E79A-86AF-DA0D8755F934}.Release|Any CPU.Build.0 = Release|Any CPU
		{8A12174A-FB54-E79A-86AF-DA0D8755F934}.Release|x64.ActiveCfg = Release|Any CPU
		{8A12174A-FB54-E79A-86AF-DA0D8755F934}.Release|x64.Build.0 = Release|Any CPU
		{8A12174A-FB54-E79A-86AF-DA0D8755F934}.Release|x86.ActiveCfg = Release|Any CPU
		{8A12174A-FB54-E79A-86AF-DA0D8755F934}.Release|x86.Build.0 = Release|Any CPU
		{70FADFEC-DEBD-BAFF-8E57-4CF3087A92B8}.Debug|Any CPU.ActiveCfg = Debug|Any CPU
		{70FADFEC-DEBD-BAFF-8E57-4CF3087A92B8}.Debug|Any CPU.Build.0 = Debug|Any CPU
		{70FADFEC-DEBD-BAFF-8E57-4CF3087A92B8}.Debug|x64.ActiveCfg = Debug|Any CPU
		{70FADFEC-DEBD-BAFF-8E57-4CF3087A92B8}.Debug|x64.Build.0 = Debug|Any CPU
		{70FADFEC-DEBD-BAFF-8E57-4CF3087A92B8}.Debug|x86.ActiveCfg = Debug|Any CPU
		{70FADFEC-DEBD-BAFF-8E57-4CF3087A92B8}.Debug|x86.Build.0 = Debug|Any CPU
		{70FADFEC-DEBD-BAFF-8E57-4CF3087A92B8}.Release|Any CPU.ActiveCfg = Release|Any CPU
		{70FADFEC-DEBD-BAFF-8E57-4CF3087A92B8}.Release|Any CPU.Build.0 = Release|Any CPU
		{70FADFEC-DEBD-BAFF-8E57-4CF3087A92B8}.Release|x64.ActiveCfg = Release|Any CPU
		{70FADFEC-DEBD-BAFF-8E57-4CF3087A92B8}.Release|x64.Build.0 = Release|Any CPU
		{70FADFEC-DEBD-BAFF-8E57-4CF3087A92B8}.Release|x86.ActiveCfg = Release|Any CPU
		{70FADFEC-DEBD-BAFF-8E57-4CF3087A92B8}.Release|x86.Build.0 = Release|Any CPU
		{F33461C1-DBBE-CB61-23BD-5E68E0DB107A}.Debug|Any CPU.ActiveCfg = Debug|Any CPU
		{F33461C1-DBBE-CB61-23BD-5E68E0DB107A}.Debug|Any CPU.Build.0 = Debug|Any CPU
		{F33461C1-DBBE-CB61-23BD-5E68E0DB107A}.Debug|x64.ActiveCfg = Debug|Any CPU
		{F33461C1-DBBE-CB61-23BD-5E68E0DB107A}.Debug|x64.Build.0 = Debug|Any CPU
		{F33461C1-DBBE-CB61-23BD-5E68E0DB107A}.Debug|x86.ActiveCfg = Debug|Any CPU
		{F33461C1-DBBE-CB61-23BD-5E68E0DB107A}.Debug|x86.Build.0 = Debug|Any CPU
		{F33461C1-DBBE-CB61-23BD-5E68E0DB107A}.Release|Any CPU.ActiveCfg = Release|Any CPU
		{F33461C1-DBBE-CB61-23BD-5E68E0DB107A}.Release|Any CPU.Build.0 = Release|Any CPU
		{F33461C1-DBBE-CB61-23BD-5E68E0DB107A}.Release|x64.ActiveCfg = Release|Any CPU
		{F33461C1-DBBE-CB61-23BD-5E68E0DB107A}.Release|x64.Build.0 = Release|Any CPU
		{F33461C1-DBBE-CB61-23BD-5E68E0DB107A}.Release|x86.ActiveCfg = Release|Any CPU
		{F33461C1-DBBE-CB61-23BD-5E68E0DB107A}.Release|x86.Build.0 = Release|Any CPU
		{2A6BF909-3D3E-0D7B-2F9D-20D42575E865}.Debug|Any CPU.ActiveCfg = Debug|Any CPU
		{2A6BF909-3D3E-0D7B-2F9D-20D42575E865}.Debug|Any CPU.Build.0 = Debug|Any CPU
		{2A6BF909-3D3E-0D7B-2F9D-20D42575E865}.Debug|x64.ActiveCfg = Debug|Any CPU
		{2A6BF909-3D3E-0D7B-2F9D-20D42575E865}.Debug|x64.Build.0 = Debug|Any CPU
		{2A6BF909-3D3E-0D7B-2F9D-20D42575E865}.Debug|x86.ActiveCfg = Debug|Any CPU
		{2A6BF909-3D3E-0D7B-2F9D-20D42575E865}.Debug|x86.Build.0 = Debug|Any CPU
		{2A6BF909-3D3E-0D7B-2F9D-20D42575E865}.Release|Any CPU.ActiveCfg = Release|Any CPU
		{2A6BF909-3D3E-0D7B-2F9D-20D42575E865}.Release|Any CPU.Build.0 = Release|Any CPU
		{2A6BF909-3D3E-0D7B-2F9D-20D42575E865}.Release|x64.ActiveCfg = Release|Any CPU
		{2A6BF909-3D3E-0D7B-2F9D-20D42575E865}.Release|x64.Build.0 = Release|Any CPU
		{2A6BF909-3D3E-0D7B-2F9D-20D42575E865}.Release|x86.ActiveCfg = Release|Any CPU
		{2A6BF909-3D3E-0D7B-2F9D-20D42575E865}.Release|x86.Build.0 = Release|Any CPU
		{275284F0-71B6-5F1F-8BE4-EDB1006FC96F}.Debug|Any CPU.ActiveCfg = Debug|Any CPU
		{275284F0-71B6-5F1F-8BE4-EDB1006FC96F}.Debug|Any CPU.Build.0 = Debug|Any CPU
		{275284F0-71B6-5F1F-8BE4-EDB1006FC96F}.Debug|x64.ActiveCfg = Debug|Any CPU
		{275284F0-71B6-5F1F-8BE4-EDB1006FC96F}.Debug|x64.Build.0 = Debug|Any CPU
		{275284F0-71B6-5F1F-8BE4-EDB1006FC96F}.Debug|x86.ActiveCfg = Debug|Any CPU
		{275284F0-71B6-5F1F-8BE4-EDB1006FC96F}.Debug|x86.Build.0 = Debug|Any CPU
		{275284F0-71B6-5F1F-8BE4-EDB1006FC96F}.Release|Any CPU.ActiveCfg = Release|Any CPU
		{275284F0-71B6-5F1F-8BE4-EDB1006FC96F}.Release|Any CPU.Build.0 = Release|Any CPU
		{275284F0-71B6-5F1F-8BE4-EDB1006FC96F}.Release|x64.ActiveCfg = Release|Any CPU
		{275284F0-71B6-5F1F-8BE4-EDB1006FC96F}.Release|x64.Build.0 = Release|Any CPU
		{275284F0-71B6-5F1F-8BE4-EDB1006FC96F}.Release|x86.ActiveCfg = Release|Any CPU
		{275284F0-71B6-5F1F-8BE4-EDB1006FC96F}.Release|x86.Build.0 = Release|Any CPU
		{D3853547-BF77-B186-6FA8-1598C2DDE33C}.Debug|Any CPU.ActiveCfg = Debug|Any CPU
		{D3853547-BF77-B186-6FA8-1598C2DDE33C}.Debug|Any CPU.Build.0 = Debug|Any CPU
		{D3853547-BF77-B186-6FA8-1598C2DDE33C}.Debug|x64.ActiveCfg = Debug|Any CPU
		{D3853547-BF77-B186-6FA8-1598C2DDE33C}.Debug|x64.Build.0 = Debug|Any CPU
		{D3853547-BF77-B186-6FA8-1598C2DDE33C}.Debug|x86.ActiveCfg = Debug|Any CPU
		{D3853547-BF77-B186-6FA8-1598C2DDE33C}.Debug|x86.Build.0 = Debug|Any CPU
		{D3853547-BF77-B186-6FA8-1598C2DDE33C}.Release|Any CPU.ActiveCfg = Release|Any CPU
		{D3853547-BF77-B186-6FA8-1598C2DDE33C}.Release|Any CPU.Build.0 = Release|Any CPU
		{D3853547-BF77-B186-6FA8-1598C2DDE33C}.Release|x64.ActiveCfg = Release|Any CPU
		{D3853547-BF77-B186-6FA8-1598C2DDE33C}.Release|x64.Build.0 = Release|Any CPU
		{D3853547-BF77-B186-6FA8-1598C2DDE33C}.Release|x86.ActiveCfg = Release|Any CPU
		{D3853547-BF77-B186-6FA8-1598C2DDE33C}.Release|x86.Build.0 = Release|Any CPU
		{AF65BEDE-3AB6-91BE-83A1-A974B47BC7FA}.Debug|Any CPU.ActiveCfg = Debug|Any CPU
		{AF65BEDE-3AB6-91BE-83A1-A974B47BC7FA}.Debug|Any CPU.Build.0 = Debug|Any CPU
		{AF65BEDE-3AB6-91BE-83A1-A974B47BC7FA}.Debug|x64.ActiveCfg = Debug|Any CPU
		{AF65BEDE-3AB6-91BE-83A1-A974B47BC7FA}.Debug|x64.Build.0 = Debug|Any CPU
		{AF65BEDE-3AB6-91BE-83A1-A974B47BC7FA}.Debug|x86.ActiveCfg = Debug|Any CPU
		{AF65BEDE-3AB6-91BE-83A1-A974B47BC7FA}.Debug|x86.Build.0 = Debug|Any CPU
		{AF65BEDE-3AB6-91BE-83A1-A974B47BC7FA}.Release|Any CPU.ActiveCfg = Release|Any CPU
		{AF65BEDE-3AB6-91BE-83A1-A974B47BC7FA}.Release|Any CPU.Build.0 = Release|Any CPU
		{AF65BEDE-3AB6-91BE-83A1-A974B47BC7FA}.Release|x64.ActiveCfg = Release|Any CPU
		{AF65BEDE-3AB6-91BE-83A1-A974B47BC7FA}.Release|x64.Build.0 = Release|Any CPU
		{AF65BEDE-3AB6-91BE-83A1-A974B47BC7FA}.Release|x86.ActiveCfg = Release|Any CPU
		{AF65BEDE-3AB6-91BE-83A1-A974B47BC7FA}.Release|x86.Build.0 = Release|Any CPU
		{56FAD842-DEF1-A7B5-2BF7-FB60394A983D}.Debug|Any CPU.ActiveCfg = Debug|Any CPU
		{56FAD842-DEF1-A7B5-2BF7-FB60394A983D}.Debug|Any CPU.Build.0 = Debug|Any CPU
		{56FAD842-DEF1-A7B5-2BF7-FB60394A983D}.Debug|x64.ActiveCfg = Debug|Any CPU
		{56FAD842-DEF1-A7B5-2BF7-FB60394A983D}.Debug|x64.Build.0 = Debug|Any CPU
		{56FAD842-DEF1-A7B5-2BF7-FB60394A983D}.Debug|x86.ActiveCfg = Debug|Any CPU
		{56FAD842-DEF1-A7B5-2BF7-FB60394A983D}.Debug|x86.Build.0 = Debug|Any CPU
		{56FAD842-DEF1-A7B5-2BF7-FB60394A983D}.Release|Any CPU.ActiveCfg = Release|Any CPU
		{56FAD842-DEF1-A7B5-2BF7-FB60394A983D}.Release|Any CPU.Build.0 = Release|Any CPU
		{56FAD842-DEF1-A7B5-2BF7-FB60394A983D}.Release|x64.ActiveCfg = Release|Any CPU
		{56FAD842-DEF1-A7B5-2BF7-FB60394A983D}.Release|x64.Build.0 = Release|Any CPU
		{56FAD842-DEF1-A7B5-2BF7-FB60394A983D}.Release|x86.ActiveCfg = Release|Any CPU
		{56FAD842-DEF1-A7B5-2BF7-FB60394A983D}.Release|x86.Build.0 = Release|Any CPU
		{560E3BFA-7CAD-13D4-8C32-60F935725C06}.Debug|Any CPU.ActiveCfg = Debug|Any CPU
		{560E3BFA-7CAD-13D4-8C32-60F935725C06}.Debug|Any CPU.Build.0 = Debug|Any CPU
		{560E3BFA-7CAD-13D4-8C32-60F935725C06}.Debug|x64.ActiveCfg = Debug|Any CPU
		{560E3BFA-7CAD-13D4-8C32-60F935725C06}.Debug|x64.Build.0 = Debug|Any CPU
		{560E3BFA-7CAD-13D4-8C32-60F935725C06}.Debug|x86.ActiveCfg = Debug|Any CPU
		{560E3BFA-7CAD-13D4-8C32-60F935725C06}.Debug|x86.Build.0 = Debug|Any CPU
		{560E3BFA-7CAD-13D4-8C32-60F935725C06}.Release|Any CPU.ActiveCfg = Release|Any CPU
		{560E3BFA-7CAD-13D4-8C32-60F935725C06}.Release|Any CPU.Build.0 = Release|Any CPU
		{560E3BFA-7CAD-13D4-8C32-60F935725C06}.Release|x64.ActiveCfg = Release|Any CPU
		{560E3BFA-7CAD-13D4-8C32-60F935725C06}.Release|x64.Build.0 = Release|Any CPU
		{560E3BFA-7CAD-13D4-8C32-60F935725C06}.Release|x86.ActiveCfg = Release|Any CPU
		{560E3BFA-7CAD-13D4-8C32-60F935725C06}.Release|x86.Build.0 = Release|Any CPU
		{1A279FEF-EDA7-4729-0C74-8517C48928FF}.Debug|Any CPU.ActiveCfg = Debug|Any CPU
		{1A279FEF-EDA7-4729-0C74-8517C48928FF}.Debug|Any CPU.Build.0 = Debug|Any CPU
		{1A279FEF-EDA7-4729-0C74-8517C48928FF}.Debug|x64.ActiveCfg = Debug|Any CPU
		{1A279FEF-EDA7-4729-0C74-8517C48928FF}.Debug|x64.Build.0 = Debug|Any CPU
		{1A279FEF-EDA7-4729-0C74-8517C48928FF}.Debug|x86.ActiveCfg = Debug|Any CPU
		{1A279FEF-EDA7-4729-0C74-8517C48928FF}.Debug|x86.Build.0 = Debug|Any CPU
		{1A279FEF-EDA7-4729-0C74-8517C48928FF}.Release|Any CPU.ActiveCfg = Release|Any CPU
		{1A279FEF-EDA7-4729-0C74-8517C48928FF}.Release|Any CPU.Build.0 = Release|Any CPU
		{1A279FEF-EDA7-4729-0C74-8517C48928FF}.Release|x64.ActiveCfg = Release|Any CPU
		{1A279FEF-EDA7-4729-0C74-8517C48928FF}.Release|x64.Build.0 = Release|Any CPU
		{1A279FEF-EDA7-4729-0C74-8517C48928FF}.Release|x86.ActiveCfg = Release|Any CPU
		{1A279FEF-EDA7-4729-0C74-8517C48928FF}.Release|x86.Build.0 = Release|Any CPU
		{6ACF05C6-8504-21EF-6BC0-525B1EE8EAE8}.Debug|Any CPU.ActiveCfg = Debug|Any CPU
		{6ACF05C6-8504-21EF-6BC0-525B1EE8EAE8}.Debug|Any CPU.Build.0 = Debug|Any CPU
		{6ACF05C6-8504-21EF-6BC0-525B1EE8EAE8}.Debug|x64.ActiveCfg = Debug|Any CPU
		{6ACF05C6-8504-21EF-6BC0-525B1EE8EAE8}.Debug|x64.Build.0 = Debug|Any CPU
		{6ACF05C6-8504-21EF-6BC0-525B1EE8EAE8}.Debug|x86.ActiveCfg = Debug|Any CPU
		{6ACF05C6-8504-21EF-6BC0-525B1EE8EAE8}.Debug|x86.Build.0 = Debug|Any CPU
		{6ACF05C6-8504-21EF-6BC0-525B1EE8EAE8}.Release|Any CPU.ActiveCfg = Release|Any CPU
		{6ACF05C6-8504-21EF-6BC0-525B1EE8EAE8}.Release|Any CPU.Build.0 = Release|Any CPU
		{6ACF05C6-8504-21EF-6BC0-525B1EE8EAE8}.Release|x64.ActiveCfg = Release|Any CPU
		{6ACF05C6-8504-21EF-6BC0-525B1EE8EAE8}.Release|x64.Build.0 = Release|Any CPU
		{6ACF05C6-8504-21EF-6BC0-525B1EE8EAE8}.Release|x86.ActiveCfg = Release|Any CPU
		{6ACF05C6-8504-21EF-6BC0-525B1EE8EAE8}.Release|x86.Build.0 = Release|Any CPU
		{27AE88F4-F5E6-8E78-9EB4-00EB91E05E9F}.Debug|Any CPU.ActiveCfg = Debug|Any CPU
		{27AE88F4-F5E6-8E78-9EB4-00EB91E05E9F}.Debug|Any CPU.Build.0 = Debug|Any CPU
		{27AE88F4-F5E6-8E78-9EB4-00EB91E05E9F}.Debug|x64.ActiveCfg = Debug|Any CPU
		{27AE88F4-F5E6-8E78-9EB4-00EB91E05E9F}.Debug|x64.Build.0 = Debug|Any CPU
		{27AE88F4-F5E6-8E78-9EB4-00EB91E05E9F}.Debug|x86.ActiveCfg = Debug|Any CPU
		{27AE88F4-F5E6-8E78-9EB4-00EB91E05E9F}.Debug|x86.Build.0 = Debug|Any CPU
		{27AE88F4-F5E6-8E78-9EB4-00EB91E05E9F}.Release|Any CPU.ActiveCfg = Release|Any CPU
		{27AE88F4-F5E6-8E78-9EB4-00EB91E05E9F}.Release|Any CPU.Build.0 = Release|Any CPU
		{27AE88F4-F5E6-8E78-9EB4-00EB91E05E9F}.Release|x64.ActiveCfg = Release|Any CPU
		{27AE88F4-F5E6-8E78-9EB4-00EB91E05E9F}.Release|x64.Build.0 = Release|Any CPU
		{27AE88F4-F5E6-8E78-9EB4-00EB91E05E9F}.Release|x86.ActiveCfg = Release|Any CPU
		{27AE88F4-F5E6-8E78-9EB4-00EB91E05E9F}.Release|x86.Build.0 = Release|Any CPU
	EndGlobalSection
	GlobalSection(SolutionProperties) = preSolution
		HideSolutionNode = FALSE
	EndGlobalSection
	GlobalSection(NestedProjects) = preSolution
		{DCD4DE7F-B65D-02ED-F0FD-87908F6048EC} = {267FB914-5D64-FEC6-6486-E93F4D43D164}
		{975BEBDD-9A6B-09F6-9BD3-EA87C399C801} = {508E533D-24DC-ACDE-F4C5-885BC4F0421E}
		{B0F4959B-A48D-3AE2-F396-87AEECB61F7F} = {3F22036E-2CD3-E2CB-54F5-6FBA49C14E09}
		{8A12174A-FB54-E79A-86AF-DA0D8755F934} = {55840C8C-C038-8470-8C8C-ABF48C5112DC}
		{267FB914-5D64-FEC6-6486-E93F4D43D164} = {6BF3F3DE-FDCE-4270-95AE-A6257C284CE1}
		{508E533D-24DC-ACDE-F4C5-885BC4F0421E} = {6BF3F3DE-FDCE-4270-95AE-A6257C284CE1}
		{3F22036E-2CD3-E2CB-54F5-6FBA49C14E09} = {6BF3F3DE-FDCE-4270-95AE-A6257C284CE1}
		{55840C8C-C038-8470-8C8C-ABF48C5112DC} = {6BF3F3DE-FDCE-4270-95AE-A6257C284CE1}
		{70FADFEC-DEBD-BAFF-8E57-4CF3087A92B8} = {508E533D-24DC-ACDE-F4C5-885BC4F0421E}
		{F33461C1-DBBE-CB61-23BD-5E68E0DB107A} = {267FB914-5D64-FEC6-6486-E93F4D43D164}
		{2A6BF909-3D3E-0D7B-2F9D-20D42575E865} = {3F22036E-2CD3-E2CB-54F5-6FBA49C14E09}
		{275284F0-71B6-5F1F-8BE4-EDB1006FC96F} = {DB5DA0B7-FEF4-4314-05B0-37A7DB708D16}
		{D3853547-BF77-B186-6FA8-1598C2DDE33C} = {55840C8C-C038-8470-8C8C-ABF48C5112DC}
		{56FAD842-DEF1-A7B5-2BF7-FB60394A983D} = {DDEA2A36-A095-4D6C-94F0-9C22F0D3A189}
		{560E3BFA-7CAD-13D4-8C32-60F935725C06} = {DDEA2A36-A095-4D6C-94F0-9C22F0D3A189}
		{1A279FEF-EDA7-4729-0C74-8517C48928FF} = {DB5DA0B7-FEF4-4314-05B0-37A7DB708D16}
		{6ACF05C6-8504-21EF-6BC0-525B1EE8EAE8} = {DDEA2A36-A095-4D6C-94F0-9C22F0D3A189}
	EndGlobalSection
	GlobalSection(ExtensibilityGlobals) = postSolution
		SolutionGuid = {3289A875-24FA-44B5-93C2-1C2A30FF37A7}
	EndGlobalSection
EndGlobal
