
Microsoft Visual Studio Solution File, Format Version 12.00
# Visual Studio Version 17
VisualStudioVersion = 17.0.31903.59
MinimumVisualStudioVersion = 10.0.40219.1
Project("{2150E333-8FDC-42A3-9474-1A3956D46DE8}") = "apps", "apps", "{E419AC35-68D2-4F31-B924-2805A5D730EA}"
EndProject
Project("{2150E333-8FDC-42A3-9474-1A3956D46DE8}") = "docs", "docs", "{CA6F61C3-47F4-4688-B545-0BD64D077F80}"
EndProject
Project("{2150E333-8FDC-42A3-9474-1A3956D46DE8}") = "nuget", "nuget", "{A16695D8-49DF-4C0A-B00A-76871547D87C}"
EndProject
Project("{2150E333-8FDC-42A3-9474-1A3956D46DE8}") = "common", "common", "{50373E21-A670-4255-AD30-4A026C74B7B7}"
EndProject
Project("{FAE04EC0-301F-11D3-BF4B-00C04F79EFBC}") = "Dual.Common.AppSettings", "submodules\nuget\Common\Dual.Common.AppSettings\Dual.Common.AppSettings.csproj", "{23357691-2228-407C-A0FD-3F63F9194A3F}"
EndProject
Project("{FAE04EC0-301F-11D3-BF4B-00C04F79EFBC}") = "Dual.Common.Base.CS", "submodules\nuget\Common\Dual.Common.Base.CS\Dual.Common.Base.CS.csproj", "{6B8B1499-0D98-4D84-BDDA-D84F6A1767CA}"
EndProject
Project("{F2A71F9B-5D33-465A-A702-920D77279786}") = "Dual.Common.Base.FS", "submodules\nuget\Common\Dual.Common.Base.FS\Dual.Common.Base.FS.fsproj", "{54928E86-A3E2-4545-9E90-0FFCFFC9D988}"
EndProject
Project("{FAE04EC0-301F-11D3-BF4B-00C04F79EFBC}") = "Dual.Common.Core", "submodules\nuget\Common\Dual.Common.Core\Dual.Common.Core.csproj", "{7991EE28-49E0-4BD9-A2BC-31E5708BDD1F}"
EndProject
Project("{F2A71F9B-5D33-465A-A702-920D77279786}") = "Dual.Common.Core.FS", "submodules\nuget\Common\Dual.Common.Core.FS\Dual.Common.Core.FS.fsproj", "{46798250-C873-4CD3-A705-5C79D4845EE5}"
EndProject
Project("{F2A71F9B-5D33-465A-A702-920D77279786}") = "Dual.Common.UnitTest.FS", "submodules\nuget\Common\Dual.Common.UnitTest.FS\Dual.Common.UnitTest.FS.fsproj", "{05D721B6-4B89-4577-8790-4DCD4DA9F88C}"
EndProject
Project("{2150E333-8FDC-42A3-9474-1A3956D46DE8}") = "plc", "plc", "{EFC555D8-D28A-4BED-A1D1-AB70233B4EF7}"
EndProject
Project("{F2A71F9B-5D33-465A-A702-920D77279786}") = "Dual.PLC.TagParser.FS", "submodules\nuget\PLC\Dual.PLC.TagParser.FS\Dual.PLC.TagParser.FS.fsproj", "{F201606D-5EB0-496E-B1F4-45A05263ADFC}"
EndProject
Project("{2150E333-8FDC-42A3-9474-1A3956D46DE8}") = "engine", "engine", "{3DF60941-BDDE-445C-B28C-0874203046C2}"
EndProject
Project("{F2A71F9B-5D33-465A-A702-920D77279786}") = "Ev2.Core.FS", "src\engine\Ev2.Core.FS\Ev2.Core.FS.fsproj", "{B75CEEEF-8D57-468B-8F8C-0B98B50FC3A4}"
EndProject
Project("{2150E333-8FDC-42A3-9474-1A3956D46DE8}") = "unit-test", "unit-test", "{322F9673-46AC-4124-8D96-2AF12A4F89EB}"
EndProject
Project("{F2A71F9B-5D33-465A-A702-920D77279786}") = "UnitTest.Core", "src\unit-test\UnitTest.Core\UnitTest.Core.fsproj", "{9C40C272-8026-47F1-B2E1-1F003BC3EC52}"
EndProject
Project("{2150E333-8FDC-42A3-9474-1A3956D46DE8}") = "test", "test", "{54A225D1-EA8A-4B59-B245-F34D02B78A4B}"
EndProject
Project("{2150E333-8FDC-42A3-9474-1A3956D46DE8}") = "aas-core", "aas-core", "{572E059F-BFF9-4187-B823-1F67A44D0830}"
EndProject
Project("{FAE04EC0-301F-11D3-BF4B-00C04F79EFBC}") = "AasCore.Aas3_0", "submodules\aas-core3.0-csharp\src\AasCore.Aas3_0\AasCore.Aas3_0.csproj", "{E9654960-0E8D-42E3-A5F4-58489FB9198D}"
EndProject
Project("{FAE04EC0-301F-11D3-BF4B-00C04F79EFBC}") = "AasCore.Aas3_0.Tests", "submodules\aas-core3.0-csharp\src\AasCore.Aas3_0.Tests\AasCore.Aas3_0.Tests.csproj", "{12E8535C-7C39-4F3D-9B6B-9D19F6B8C570}"
EndProject
Project("{2150E333-8FDC-42A3-9474-1A3956D46DE8}") = "obsolete", "obsolete", "{38835E54-8496-4CBC-B7AC-6521D72869C7}"
EndProject
Project("{FAE04EC0-301F-11D3-BF4B-00C04F79EFBC}") = "Ev2.Core", "src\obsolete\Ev2.Core\Ev2.Core.csproj", "{DC1AAC91-9FCE-42B7-8839-D9C92855242D}"
EndProject
Project("{F2A71F9B-5D33-465A-A702-920D77279786}") = "Ev2.Aas.FS", "src\engine\Ev2.Aas.FS\Ev2.Aas.FS.fsproj", "{C59A6843-DA53-4F74-AC29-F638A405C739}"
EndProject
Project("{2150E333-8FDC-42A3-9474-1A3956D46DE8}") = "Scripting", "Scripting", "{29846525-2863-49F1-877D-81767997E0A1}"
EndProject
Project("{FAE04EC0-301F-11D3-BF4B-00C04F79EFBC}") = "AasTestApp", "TestApps\AasTestApp\AasTestApp.csproj", "{382FF82F-A246-4C13-B1F3-84EB872375FC}"
EndProject
Project("{FAE04EC0-301F-11D3-BF4B-00C04F79EFBC}") = "TestConsoleApp", "TestApps\TestConsoleApp\TestConsoleApp.csproj", "{81E55BCE-F750-44F4-A865-A2ECCBB50E5C}"
EndProject
Project("{F2A71F9B-5D33-465A-A702-920D77279786}") = "CpuEvalTest", "TestApps\CpuEvalTest\CpuEvalTest.fsproj", "{6C905D9E-AD61-4122-BCC3-E76A8CB6ACB4}"
EndProject
Project("{FAE04EC0-301F-11D3-BF4B-00C04F79EFBC}") = "CpuEvalTestApp", "TestApps\CpuEvalTestApp\CpuEvalTestApp.csproj", "{44B43229-C41F-4630-89C5-83EC55F4DD4C}"
EndProject
Project("{F2A71F9B-5D33-465A-A702-920D77279786}") = "ScriptingTest", "TestApps\Scripting\ScriptingTest\ScriptingTest.fsproj", "{D420B61F-6080-46B6-B7D4-9DAD0E6A697C}"
EndProject
Project("{F2A71F9B-5D33-465A-A702-920D77279786}") = "Ev2.Parser.FS", "src\engine\Ev2.Parser.FS\Ev2.Parser.FS.fsproj", "{C736CB9F-09E1-4B3A-92A2-432880B2D785}"
EndProject
Project("{FAE04EC0-301F-11D3-BF4B-00C04F79EFBC}") = "Ev2.Parser", "src\engine\Ev2.Parser\Ev2.Parser.csproj", "{86ED2A49-2D7D-4615-9E28-A37046900201}"
EndProject
Global
	GlobalSection(SolutionConfigurationPlatforms) = preSolution
		Debug|Any CPU = Debug|Any CPU
		Release|Any CPU = Release|Any CPU
	EndGlobalSection
	GlobalSection(ProjectConfigurationPlatforms) = postSolution
		{23357691-2228-407C-A0FD-3F63F9194A3F}.Debug|Any CPU.ActiveCfg = Debug|Any CPU
		{23357691-2228-407C-A0FD-3F63F9194A3F}.Debug|Any CPU.Build.0 = Debug|Any CPU
		{23357691-2228-407C-A0FD-3F63F9194A3F}.Release|Any CPU.ActiveCfg = Release|Any CPU
		{23357691-2228-407C-A0FD-3F63F9194A3F}.Release|Any CPU.Build.0 = Release|Any CPU
		{6B8B1499-0D98-4D84-BDDA-D84F6A1767CA}.Debug|Any CPU.ActiveCfg = Debug|Any CPU
		{6B8B1499-0D98-4D84-BDDA-D84F6A1767CA}.Debug|Any CPU.Build.0 = Debug|Any CPU
		{6B8B1499-0D98-4D84-BDDA-D84F6A1767CA}.Release|Any CPU.ActiveCfg = Release|Any CPU
		{6B8B1499-0D98-4D84-BDDA-D84F6A1767CA}.Release|Any CPU.Build.0 = Release|Any CPU
		{54928E86-A3E2-4545-9E90-0FFCFFC9D988}.Debug|Any CPU.ActiveCfg = Debug|Any CPU
		{54928E86-A3E2-4545-9E90-0FFCFFC9D988}.Debug|Any CPU.Build.0 = Debug|Any CPU
		{54928E86-A3E2-4545-9E90-0FFCFFC9D988}.Release|Any CPU.ActiveCfg = Release|Any CPU
		{54928E86-A3E2-4545-9E90-0FFCFFC9D988}.Release|Any CPU.Build.0 = Release|Any CPU
		{7991EE28-49E0-4BD9-A2BC-31E5708BDD1F}.Debug|Any CPU.ActiveCfg = Debug|Any CPU
		{7991EE28-49E0-4BD9-A2BC-31E5708BDD1F}.Debug|Any CPU.Build.0 = Debug|Any CPU
		{7991EE28-49E0-4BD9-A2BC-31E5708BDD1F}.Release|Any CPU.ActiveCfg = Release|Any CPU
		{7991EE28-49E0-4BD9-A2BC-31E5708BDD1F}.Release|Any CPU.Build.0 = Release|Any CPU
		{46798250-C873-4CD3-A705-5C79D4845EE5}.Debug|Any CPU.ActiveCfg = Debug|Any CPU
		{46798250-C873-4CD3-A705-5C79D4845EE5}.Debug|Any CPU.Build.0 = Debug|Any CPU
		{46798250-C873-4CD3-A705-5C79D4845EE5}.Release|Any CPU.ActiveCfg = Release|Any CPU
		{46798250-C873-4CD3-A705-5C79D4845EE5}.Release|Any CPU.Build.0 = Release|Any CPU
		{05D721B6-4B89-4577-8790-4DCD4DA9F88C}.Debug|Any CPU.ActiveCfg = Debug|Any CPU
		{05D721B6-4B89-4577-8790-4DCD4DA9F88C}.Debug|Any CPU.Build.0 = Debug|Any CPU
		{05D721B6-4B89-4577-8790-4DCD4DA9F88C}.Release|Any CPU.ActiveCfg = Release|Any CPU
		{05D721B6-4B89-4577-8790-4DCD4DA9F88C}.Release|Any CPU.Build.0 = Release|Any CPU
		{F201606D-5EB0-496E-B1F4-45A05263ADFC}.Debug|Any CPU.ActiveCfg = Debug|Any CPU
		{F201606D-5EB0-496E-B1F4-45A05263ADFC}.Debug|Any CPU.Build.0 = Debug|Any CPU
		{F201606D-5EB0-496E-B1F4-45A05263ADFC}.Release|Any CPU.ActiveCfg = Release|Any CPU
		{F201606D-5EB0-496E-B1F4-45A05263ADFC}.Release|Any CPU.Build.0 = Release|Any CPU
		{B75CEEEF-8D57-468B-8F8C-0B98B50FC3A4}.Debug|Any CPU.ActiveCfg = Debug|Any CPU
		{B75CEEEF-8D57-468B-8F8C-0B98B50FC3A4}.Debug|Any CPU.Build.0 = Debug|Any CPU
		{B75CEEEF-8D57-468B-8F8C-0B98B50FC3A4}.Release|Any CPU.ActiveCfg = Release|Any CPU
		{B75CEEEF-8D57-468B-8F8C-0B98B50FC3A4}.Release|Any CPU.Build.0 = Release|Any CPU
		{9C40C272-8026-47F1-B2E1-1F003BC3EC52}.Debug|Any CPU.ActiveCfg = Debug|Any CPU
		{9C40C272-8026-47F1-B2E1-1F003BC3EC52}.Debug|Any CPU.Build.0 = Debug|Any CPU
		{9C40C272-8026-47F1-B2E1-1F003BC3EC52}.Release|Any CPU.ActiveCfg = Release|Any CPU
		{9C40C272-8026-47F1-B2E1-1F003BC3EC52}.Release|Any CPU.Build.0 = Release|Any CPU
		{E9654960-0E8D-42E3-A5F4-58489FB9198D}.Debug|Any CPU.ActiveCfg = Debug|Any CPU
		{E9654960-0E8D-42E3-A5F4-58489FB9198D}.Debug|Any CPU.Build.0 = Debug|Any CPU
		{E9654960-0E8D-42E3-A5F4-58489FB9198D}.Release|Any CPU.ActiveCfg = Release|Any CPU
		{E9654960-0E8D-42E3-A5F4-58489FB9198D}.Release|Any CPU.Build.0 = Release|Any CPU
		{12E8535C-7C39-4F3D-9B6B-9D19F6B8C570}.Debug|Any CPU.ActiveCfg = Debug|Any CPU
		{12E8535C-7C39-4F3D-9B6B-9D19F6B8C570}.Release|Any CPU.ActiveCfg = Release|Any CPU
		{DC1AAC91-9FCE-42B7-8839-D9C92855242D}.Debug|Any CPU.ActiveCfg = Debug|Any CPU
		{DC1AAC91-9FCE-42B7-8839-D9C92855242D}.Debug|Any CPU.Build.0 = Debug|Any CPU
		{DC1AAC91-9FCE-42B7-8839-D9C92855242D}.Release|Any CPU.ActiveCfg = Release|Any CPU
		{DC1AAC91-9FCE-42B7-8839-D9C92855242D}.Release|Any CPU.Build.0 = Release|Any CPU
		{C59A6843-DA53-4F74-AC29-F638A405C739}.Debug|Any CPU.ActiveCfg = Debug|Any CPU
		{C59A6843-DA53-4F74-AC29-F638A405C739}.Debug|Any CPU.Build.0 = Debug|Any CPU
		{C59A6843-DA53-4F74-AC29-F638A405C739}.Release|Any CPU.ActiveCfg = Release|Any CPU
		{C59A6843-DA53-4F74-AC29-F638A405C739}.Release|Any CPU.Build.0 = Release|Any CPU
		{382FF82F-A246-4C13-B1F3-84EB872375FC}.Debug|Any CPU.ActiveCfg = Debug|Any CPU
		{382FF82F-A246-4C13-B1F3-84EB872375FC}.Debug|Any CPU.Build.0 = Debug|Any CPU
		{382FF82F-A246-4C13-B1F3-84EB872375FC}.Release|Any CPU.ActiveCfg = Release|Any CPU
		{382FF82F-A246-4C13-B1F3-84EB872375FC}.Release|Any CPU.Build.0 = Release|Any CPU
		{81E55BCE-F750-44F4-A865-A2ECCBB50E5C}.Debug|Any CPU.ActiveCfg = Debug|Any CPU
		{81E55BCE-F750-44F4-A865-A2ECCBB50E5C}.Debug|Any CPU.Build.0 = Debug|Any CPU
		{81E55BCE-F750-44F4-A865-A2ECCBB50E5C}.Release|Any CPU.ActiveCfg = Release|Any CPU
		{81E55BCE-F750-44F4-A865-A2ECCBB50E5C}.Release|Any CPU.Build.0 = Release|Any CPU
		{6C905D9E-AD61-4122-BCC3-E76A8CB6ACB4}.Debug|Any CPU.ActiveCfg = Debug|Any CPU
		{6C905D9E-AD61-4122-BCC3-E76A8CB6ACB4}.Debug|Any CPU.Build.0 = Debug|Any CPU
		{6C905D9E-AD61-4122-BCC3-E76A8CB6ACB4}.Release|Any CPU.ActiveCfg = Release|Any CPU
		{6C905D9E-AD61-4122-BCC3-E76A8CB6ACB4}.Release|Any CPU.Build.0 = Release|Any CPU
		{44B43229-C41F-4630-89C5-83EC55F4DD4C}.Debug|Any CPU.ActiveCfg = Debug|Any CPU
		{44B43229-C41F-4630-89C5-83EC55F4DD4C}.Debug|Any CPU.Build.0 = Debug|Any CPU
		{44B43229-C41F-4630-89C5-83EC55F4DD4C}.Release|Any CPU.ActiveCfg = Release|Any CPU
		{44B43229-C41F-4630-89C5-83EC55F4DD4C}.Release|Any CPU.Build.0 = Release|Any CPU
		{D420B61F-6080-46B6-B7D4-9DAD0E6A697C}.Debug|Any CPU.ActiveCfg = Debug|Any CPU
		{D420B61F-6080-46B6-B7D4-9DAD0E6A697C}.Debug|Any CPU.Build.0 = Debug|Any CPU
		{D420B61F-6080-46B6-B7D4-9DAD0E6A697C}.Release|Any CPU.ActiveCfg = Release|Any CPU
		{D420B61F-6080-46B6-B7D4-9DAD0E6A697C}.Release|Any CPU.Build.0 = Release|Any CPU
		{C736CB9F-09E1-4B3A-92A2-432880B2D785}.Debug|Any CPU.ActiveCfg = Debug|Any CPU
		{C736CB9F-09E1-4B3A-92A2-432880B2D785}.Debug|Any CPU.Build.0 = Debug|Any CPU
		{C736CB9F-09E1-4B3A-92A2-432880B2D785}.Release|Any CPU.ActiveCfg = Release|Any CPU
		{C736CB9F-09E1-4B3A-92A2-432880B2D785}.Release|Any CPU.Build.0 = Release|Any CPU
		{86ED2A49-2D7D-4615-9E28-A37046900201}.Debug|Any CPU.ActiveCfg = Debug|Any CPU
		{86ED2A49-2D7D-4615-9E28-A37046900201}.Debug|Any CPU.Build.0 = Debug|Any CPU
		{86ED2A49-2D7D-4615-9E28-A37046900201}.Release|Any CPU.ActiveCfg = Release|Any CPU
		{86ED2A49-2D7D-4615-9E28-A37046900201}.Release|Any CPU.Build.0 = Release|Any CPU
	EndGlobalSection
	GlobalSection(SolutionProperties) = preSolution
		HideSolutionNode = FALSE
	EndGlobalSection
	GlobalSection(NestedProjects) = preSolution
		{50373E21-A670-4255-AD30-4A026C74B7B7} = {A16695D8-49DF-4C0A-B00A-76871547D87C}
		{23357691-2228-407C-A0FD-3F63F9194A3F} = {50373E21-A670-4255-AD30-4A026C74B7B7}
		{6B8B1499-0D98-4D84-BDDA-D84F6A1767CA} = {50373E21-A670-4255-AD30-4A026C74B7B7}
		{54928E86-A3E2-4545-9E90-0FFCFFC9D988} = {50373E21-A670-4255-AD30-4A026C74B7B7}
		{7991EE28-49E0-4BD9-A2BC-31E5708BDD1F} = {50373E21-A670-4255-AD30-4A026C74B7B7}
		{46798250-C873-4CD3-A705-5C79D4845EE5} = {50373E21-A670-4255-AD30-4A026C74B7B7}
		{05D721B6-4B89-4577-8790-4DCD4DA9F88C} = {50373E21-A670-4255-AD30-4A026C74B7B7}
		{EFC555D8-D28A-4BED-A1D1-AB70233B4EF7} = {A16695D8-49DF-4C0A-B00A-76871547D87C}
		{F201606D-5EB0-496E-B1F4-45A05263ADFC} = {EFC555D8-D28A-4BED-A1D1-AB70233B4EF7}
		{B75CEEEF-8D57-468B-8F8C-0B98B50FC3A4} = {3DF60941-BDDE-445C-B28C-0874203046C2}
		{9C40C272-8026-47F1-B2E1-1F003BC3EC52} = {322F9673-46AC-4124-8D96-2AF12A4F89EB}
		{54A225D1-EA8A-4B59-B245-F34D02B78A4B} = {3DF60941-BDDE-445C-B28C-0874203046C2}
		{E9654960-0E8D-42E3-A5F4-58489FB9198D} = {572E059F-BFF9-4187-B823-1F67A44D0830}
		{12E8535C-7C39-4F3D-9B6B-9D19F6B8C570} = {572E059F-BFF9-4187-B823-1F67A44D0830}
		{DC1AAC91-9FCE-42B7-8839-D9C92855242D} = {38835E54-8496-4CBC-B7AC-6521D72869C7}
		{C59A6843-DA53-4F74-AC29-F638A405C739} = {3DF60941-BDDE-445C-B28C-0874203046C2}
		{29846525-2863-49F1-877D-81767997E0A1} = {54A225D1-EA8A-4B59-B245-F34D02B78A4B}
		{382FF82F-A246-4C13-B1F3-84EB872375FC} = {54A225D1-EA8A-4B59-B245-F34D02B78A4B}
		{81E55BCE-F750-44F4-A865-A2ECCBB50E5C} = {54A225D1-EA8A-4B59-B245-F34D02B78A4B}
		{6C905D9E-AD61-4122-BCC3-E76A8CB6ACB4} = {54A225D1-EA8A-4B59-B245-F34D02B78A4B}
		{44B43229-C41F-4630-89C5-83EC55F4DD4C} = {54A225D1-EA8A-4B59-B245-F34D02B78A4B}
		{D420B61F-6080-46B6-B7D4-9DAD0E6A697C} = {29846525-2863-49F1-877D-81767997E0A1}
		{C736CB9F-09E1-4B3A-92A2-432880B2D785} = {3DF60941-BDDE-445C-B28C-0874203046C2}
		{86ED2A49-2D7D-4615-9E28-A37046900201} = {3DF60941-BDDE-445C-B28C-0874203046C2}
	EndGlobalSection
EndGlobal
