
Microsoft Visual Studio Solution File, Format Version 12.00
# Visual Studio Version 17
VisualStudioVersion = 17.0.31903.59
MinimumVisualStudioVersion = 10.0.40219.1
Project("{2150E333-8FDC-42A3-9474-1A3956D46DE8}") = "apps", "apps", "{E419AC35-68D2-4F31-B924-2805A5D730EA}"
EndProject
Project("{2150E333-8FDC-42A3-9474-1A3956D46DE8}") = "docs", "docs", "{CA6F61C3-47F4-4688-B545-0BD64D077F80}"
EndProject
Project("{2150E333-8FDC-42A3-9474-1A3956D46DE8}") = "nuget", "nuget", "{A16695D8-49DF-4C0A-B00A-76871547D87C}"
EndProject
Project("{2150E333-8FDC-42A3-9474-1A3956D46DE8}") = "common", "common", "{50373E21-A670-4255-AD30-4A026C74B7B7}"
EndProject
Project("{FAE04EC0-301F-11D3-BF4B-00C04F79EFBC}") = "Dual.Common.AppSettings", "..\ds\Submodules\nuget\Common\Dual.Common.AppSettings\Dual.Common.AppSettings.csproj", "{23357691-2228-407C-A0FD-3F63F9194A3F}"
EndProject
Project("{FAE04EC0-301F-11D3-BF4B-00C04F79EFBC}") = "Dual.Common.Base.CS", "..\ds\Submodules\nuget\Common\Dual.Common.Base.CS\Dual.Common.Base.CS.csproj", "{6B8B1499-0D98-4D84-BDDA-D84F6A1767CA}"
EndProject
Project("{F2A71F9B-5D33-465A-A702-920D77279786}") = "Dual.Common.Base.FS", "..\ds\Submodules\nuget\Common\Dual.Common.Base.FS\Dual.Common.Base.FS.fsproj", "{54928E86-A3E2-4545-9E90-0FFCFFC9D988}"
EndProject
Project("{FAE04EC0-301F-11D3-BF4B-00C04F79EFBC}") = "Dual.Common.Core", "..\ds\Submodules\nuget\Common\Dual.Common.Core\Dual.Common.Core.csproj", "{7991EE28-49E0-4BD9-A2BC-31E5708BDD1F}"
EndProject
Project("{F2A71F9B-5D33-465A-A702-920D77279786}") = "Dual.Common.Core.FS", "..\ds\Submodules\nuget\Common\Dual.Common.Core.FS\Dual.Common.Core.FS.fsproj", "{46798250-C873-4CD3-A705-5C79D4845EE5}"
EndProject
Project("{F2A71F9B-5D33-465A-A702-920D77279786}") = "Dual.Common.UnitTest.FS", "..\ds\Submodules\nuget\Common\Dual.Common.UnitTest.FS\Dual.Common.UnitTest.FS.fsproj", "{05D721B6-4B89-4577-8790-4DCD4DA9F88C}"
EndProject
Project("{2150E333-8FDC-42A3-9474-1A3956D46DE8}") = "plc", "plc", "{EFC555D8-D28A-4BED-A1D1-AB70233B4EF7}"
EndProject
Project("{F2A71F9B-5D33-465A-A702-920D77279786}") = "Dual.PLC.TagParser.FS", "..\ds\Submodules\nuget\PLC\Dual.PLC.TagParser.FS\Dual.PLC.TagParser.FS.fsproj", "{F201606D-5EB0-496E-B1F4-45A05263ADFC}"
EndProject
Project("{2150E333-8FDC-42A3-9474-1A3956D46DE8}") = "engine", "engine", "{3DF60941-BDDE-445C-B28C-0874203046C2}"
EndProject
Project("{FAE04EC0-301F-11D3-BF4B-00C04F79EFBC}") = "Ev2.Core", "src\engine\Ev2.Core\Ev2.Core.csproj", "{58A582B6-51E0-4A36-8740-1BA343654E78}"
EndProject
Project("{F2A71F9B-5D33-465A-A702-920D77279786}") = "Engine.Common", "..\ds\DsDotNet\src\Engine\Engine.Common\Engine.Common.fsproj", "{F70E5844-5600-49CD-B40D-7AA9AAB3F1CA}"
EndProject
Global
	GlobalSection(SolutionConfigurationPlatforms) = preSolution
		Debug|Any CPU = Debug|Any CPU
		Release|Any CPU = Release|Any CPU
	EndGlobalSection
	GlobalSection(ProjectConfigurationPlatforms) = postSolution
		{23357691-2228-407C-A0FD-3F63F9194A3F}.Debug|Any CPU.ActiveCfg = Debug|Any CPU
		{23357691-2228-407C-A0FD-3F63F9194A3F}.Debug|Any CPU.Build.0 = Debug|Any CPU
		{23357691-2228-407C-A0FD-3F63F9194A3F}.Release|Any CPU.ActiveCfg = Release|Any CPU
		{23357691-2228-407C-A0FD-3F63F9194A3F}.Release|Any CPU.Build.0 = Release|Any CPU
		{6B8B1499-0D98-4D84-BDDA-D84F6A1767CA}.Debug|Any CPU.ActiveCfg = Debug|Any CPU
		{6B8B1499-0D98-4D84-BDDA-D84F6A1767CA}.Debug|Any CPU.Build.0 = Debug|Any CPU
		{6B8B1499-0D98-4D84-BDDA-D84F6A1767CA}.Release|Any CPU.ActiveCfg = Release|Any CPU
		{6B8B1499-0D98-4D84-BDDA-D84F6A1767CA}.Release|Any CPU.Build.0 = Release|Any CPU
		{54928E86-A3E2-4545-9E90-0FFCFFC9D988}.Debug|Any CPU.ActiveCfg = Debug|Any CPU
		{54928E86-A3E2-4545-9E90-0FFCFFC9D988}.Debug|Any CPU.Build.0 = Debug|Any CPU
		{54928E86-A3E2-4545-9E90-0FFCFFC9D988}.Release|Any CPU.ActiveCfg = Release|Any CPU
		{54928E86-A3E2-4545-9E90-0FFCFFC9D988}.Release|Any CPU.Build.0 = Release|Any CPU
		{7991EE28-49E0-4BD9-A2BC-31E5708BDD1F}.Debug|Any CPU.ActiveCfg = Debug|Any CPU
		{7991EE28-49E0-4BD9-A2BC-31E5708BDD1F}.Debug|Any CPU.Build.0 = Debug|Any CPU
		{7991EE28-49E0-4BD9-A2BC-31E5708BDD1F}.Release|Any CPU.ActiveCfg = Release|Any CPU
		{7991EE28-49E0-4BD9-A2BC-31E5708BDD1F}.Release|Any CPU.Build.0 = Release|Any CPU
		{46798250-C873-4CD3-A705-5C79D4845EE5}.Debug|Any CPU.ActiveCfg = Debug|Any CPU
		{46798250-C873-4CD3-A705-5C79D4845EE5}.Debug|Any CPU.Build.0 = Debug|Any CPU
		{46798250-C873-4CD3-A705-5C79D4845EE5}.Release|Any CPU.ActiveCfg = Release|Any CPU
		{46798250-C873-4CD3-A705-5C79D4845EE5}.Release|Any CPU.Build.0 = Release|Any CPU
		{05D721B6-4B89-4577-8790-4DCD4DA9F88C}.Debug|Any CPU.ActiveCfg = Debug|Any CPU
		{05D721B6-4B89-4577-8790-4DCD4DA9F88C}.Debug|Any CPU.Build.0 = Debug|Any CPU
		{05D721B6-4B89-4577-8790-4DCD4DA9F88C}.Release|Any CPU.ActiveCfg = Release|Any CPU
		{05D721B6-4B89-4577-8790-4DCD4DA9F88C}.Release|Any CPU.Build.0 = Release|Any CPU
		{F201606D-5EB0-496E-B1F4-45A05263ADFC}.Debug|Any CPU.ActiveCfg = Debug|Any CPU
		{F201606D-5EB0-496E-B1F4-45A05263ADFC}.Debug|Any CPU.Build.0 = Debug|Any CPU
		{F201606D-5EB0-496E-B1F4-45A05263ADFC}.Release|Any CPU.ActiveCfg = Release|Any CPU
		{F201606D-5EB0-496E-B1F4-45A05263ADFC}.Release|Any CPU.Build.0 = Release|Any CPU
		{58A582B6-51E0-4A36-8740-1BA343654E78}.Debug|Any CPU.ActiveCfg = Debug|Any CPU
		{58A582B6-51E0-4A36-8740-1BA343654E78}.Debug|Any CPU.Build.0 = Debug|Any CPU
		{58A582B6-51E0-4A36-8740-1BA343654E78}.Release|Any CPU.ActiveCfg = Release|Any CPU
		{58A582B6-51E0-4A36-8740-1BA343654E78}.Release|Any CPU.Build.0 = Release|Any CPU
		{F70E5844-5600-49CD-B40D-7AA9AAB3F1CA}.Debug|Any CPU.ActiveCfg = Debug|Any CPU
		{F70E5844-5600-49CD-B40D-7AA9AAB3F1CA}.Debug|Any CPU.Build.0 = Debug|Any CPU
		{F70E5844-5600-49CD-B40D-7AA9AAB3F1CA}.Release|Any CPU.ActiveCfg = Release|Any CPU
		{F70E5844-5600-49CD-B40D-7AA9AAB3F1CA}.Release|Any CPU.Build.0 = Release|Any CPU
	EndGlobalSection
	GlobalSection(SolutionProperties) = preSolution
		HideSolutionNode = FALSE
	EndGlobalSection
	GlobalSection(NestedProjects) = preSolution
		{50373E21-A670-4255-AD30-4A026C74B7B7} = {A16695D8-49DF-4C0A-B00A-76871547D87C}
		{23357691-2228-407C-A0FD-3F63F9194A3F} = {50373E21-A670-4255-AD30-4A026C74B7B7}
		{6B8B1499-0D98-4D84-BDDA-D84F6A1767CA} = {50373E21-A670-4255-AD30-4A026C74B7B7}
		{54928E86-A3E2-4545-9E90-0FFCFFC9D988} = {50373E21-A670-4255-AD30-4A026C74B7B7}
		{7991EE28-49E0-4BD9-A2BC-31E5708BDD1F} = {50373E21-A670-4255-AD30-4A026C74B7B7}
		{46798250-C873-4CD3-A705-5C79D4845EE5} = {50373E21-A670-4255-AD30-4A026C74B7B7}
		{05D721B6-4B89-4577-8790-4DCD4DA9F88C} = {50373E21-A670-4255-AD30-4A026C74B7B7}
		{EFC555D8-D28A-4BED-A1D1-AB70233B4EF7} = {A16695D8-49DF-4C0A-B00A-76871547D87C}
		{F201606D-5EB0-496E-B1F4-45A05263ADFC} = {EFC555D8-D28A-4BED-A1D1-AB70233B4EF7}
		{58A582B6-51E0-4A36-8740-1BA343654E78} = {3DF60941-BDDE-445C-B28C-0874203046C2}
		{F70E5844-5600-49CD-B40D-7AA9AAB3F1CA} = {3DF60941-BDDE-445C-B28C-0874203046C2}
	EndGlobalSection
EndGlobal
