
Microsoft Visual Studio Solution File, Format Version 12.00
# Visual Studio Version 17
VisualStudioVersion = 17.0.31903.59
MinimumVisualStudioVersion = 10.0.40219.1
Project("{2150E333-8FDC-42A3-9474-1A3956D46DE8}") = "engine", "engine", "{7B8FAB8F-89CF-41E5-9914-F351902DC3E6}"
EndProject
Project("{2150E333-8FDC-42A3-9474-1A3956D46DE8}") = "PLC", "PLC", "{32F40EE9-5374-4769-B37B-23D45A6470F8}"
EndProject
Project("{F2A71F9B-5D33-465A-A702-920D77279786}") = "PLC.CodeGen.Common", "..\src\engine\PLC\PLC.CodeGen.Common\PLC.CodeGen.Common.fsproj", "{9A977E70-2448-4EE3-8247-6891EAD093A9}"
EndProject
Project("{F2A71F9B-5D33-465A-A702-920D77279786}") = "PLC.CodeGen.LS", "..\src\engine\PLC\PLC.CodeGen.LS\PLC.CodeGen.LS.fsproj", "{15D7717F-2843-4C11-8FC7-ED7942B16E04}"
EndProject
Project("{F2A71F9B-5D33-465A-A702-920D77279786}") = "PLC.CodeGen.LSXGK", "..\src\engine\PLC\PLC.CodeGen.LSXGK\PLC.CodeGen.LSXGK.fsproj", "{65527FB3-076C-44EC-A19A-2E730717A011}"
EndProject
Project("{F2A71F9B-5D33-465A-A702-920D77279786}") = "Ev2.Aas.FS", "..\src\engine\Ev2.Aas.FS\Ev2.Aas.FS.fsproj", "{0FD07039-0F15-48A1-B691-4CD9315DD1DB}"
EndProject
Project("{F2A71F9B-5D33-465A-A702-920D77279786}") = "Ev2.Core.FS", "..\src\engine\Ev2.Core.FS\Ev2.Core.FS.fsproj", "{70DDB8BB-13FA-4A5A-B9D0-26B0A6F37BCD}"
EndProject
Project("{FAE04EC0-301F-11D3-BF4B-00C04F79EFBC}") = "Ev2.Parser", "..\src\engine\Ev2.Parser\Ev2.Parser.csproj", "{C8A8E745-4DE5-4194-93DB-09DDA4A67A73}"
EndProject
Project("{F2A71F9B-5D33-465A-A702-920D77279786}") = "Ev2.Parser.FS", "..\src\engine\Ev2.Parser.FS\Ev2.Parser.FS.fsproj", "{2890CA9A-95B3-420B-9F6C-73ACE29B34B3}"
EndProject
Project("{2150E333-8FDC-42A3-9474-1A3956D46DE8}") = "nuget", "nuget", "{A0598D63-9F7C-4F0E-8130-008F531D7598}"
EndProject
Project("{2150E333-8FDC-42A3-9474-1A3956D46DE8}") = "common", "common", "{00DB8F87-55C8-4299-847C-A8B26AB4644D}"
EndProject
Project("{2150E333-8FDC-42A3-9474-1A3956D46DE8}") = "plc", "plc", "{A4B64021-1559-4E3A-86F6-F63A42218EF4}"
EndProject
Project("{FAE04EC0-301F-11D3-BF4B-00C04F79EFBC}") = "Dual.Common.AppSettings", "..\submodules\nuget\Common\Dual.Common.AppSettings\Dual.Common.AppSettings.csproj", "{2EB4B149-BE26-4BBC-9076-FCA14C01391A}"
EndProject
Project("{FAE04EC0-301F-11D3-BF4B-00C04F79EFBC}") = "Dual.Common.Base.CS", "..\submodules\nuget\Common\Dual.Common.Base.CS\Dual.Common.Base.CS.csproj", "{F4792CFB-4E0F-4636-B944-DAAC31C7A62D}"
EndProject
Project("{F2A71F9B-5D33-465A-A702-920D77279786}") = "Dual.Common.Base.FS", "..\submodules\nuget\Common\Dual.Common.Base.FS\Dual.Common.Base.FS.fsproj", "{DDAA68CC-349E-4B43-B314-99641DD8B5DA}"
EndProject
Project("{FAE04EC0-301F-11D3-BF4B-00C04F79EFBC}") = "Dual.Common.Core", "..\submodules\nuget\Common\Dual.Common.Core\Dual.Common.Core.csproj", "{4087105E-9278-4BF6-96B1-F3A904AC1570}"
EndProject
Project("{F2A71F9B-5D33-465A-A702-920D77279786}") = "Dual.Common.Core.FS", "..\submodules\nuget\Common\Dual.Common.Core.FS\Dual.Common.Core.FS.fsproj", "{7B69B1EF-8622-4C19-9985-389CF911FDCE}"
EndProject
Project("{F2A71F9B-5D33-465A-A702-920D77279786}") = "Dual.Common.UnitTest.FS", "..\submodules\nuget\Common\Dual.Common.UnitTest.FS\Dual.Common.UnitTest.FS.fsproj", "{B481B1F6-F617-4FA6-8807-8ED84BE965EA}"
EndProject
Project("{F2A71F9B-5D33-465A-A702-920D77279786}") = "Dual.PLC.TagParser.FS", "..\submodules\nuget\PLC\Dual.PLC.TagParser.FS\Dual.PLC.TagParser.FS.fsproj", "{3D646058-B8AA-4C57-83F8-156DB9D7B6A0}"
EndProject
Project("{2150E333-8FDC-42A3-9474-1A3956D46DE8}") = "unit-test", "unit-test", "{9A73C1BB-36E8-4C22-B123-DEDD0CF15C63}"
EndProject
Project("{F2A71F9B-5D33-465A-A702-920D77279786}") = "UnitTest.Core", "..\src\unit-test\UnitTest.Core\UnitTest.Core.fsproj", "{7EA8895F-6C19-44AB-A1B3-7AFF3CC3E1FF}"
EndProject
Global
	GlobalSection(SolutionConfigurationPlatforms) = preSolution
		Debug|Any CPU = Debug|Any CPU
		Release|Any CPU = Release|Any CPU
	EndGlobalSection
	GlobalSection(ProjectConfigurationPlatforms) = postSolution
		{9A977E70-2448-4EE3-8247-6891EAD093A9}.Debug|Any CPU.ActiveCfg = Debug|Any CPU
		{9A977E70-2448-4EE3-8247-6891EAD093A9}.Debug|Any CPU.Build.0 = Debug|Any CPU
		{9A977E70-2448-4EE3-8247-6891EAD093A9}.Release|Any CPU.ActiveCfg = Release|Any CPU
		{9A977E70-2448-4EE3-8247-6891EAD093A9}.Release|Any CPU.Build.0 = Release|Any CPU
		{15D7717F-2843-4C11-8FC7-ED7942B16E04}.Debug|Any CPU.ActiveCfg = Debug|Any CPU
		{15D7717F-2843-4C11-8FC7-ED7942B16E04}.Debug|Any CPU.Build.0 = Debug|Any CPU
		{15D7717F-2843-4C11-8FC7-ED7942B16E04}.Release|Any CPU.ActiveCfg = Release|Any CPU
		{15D7717F-2843-4C11-8FC7-ED7942B16E04}.Release|Any CPU.Build.0 = Release|Any CPU
		{65527FB3-076C-44EC-A19A-2E730717A011}.Debug|Any CPU.ActiveCfg = Debug|Any CPU
		{65527FB3-076C-44EC-A19A-2E730717A011}.Debug|Any CPU.Build.0 = Debug|Any CPU
		{65527FB3-076C-44EC-A19A-2E730717A011}.Release|Any CPU.ActiveCfg = Release|Any CPU
		{65527FB3-076C-44EC-A19A-2E730717A011}.Release|Any CPU.Build.0 = Release|Any CPU
		{0FD07039-0F15-48A1-B691-4CD9315DD1DB}.Debug|Any CPU.ActiveCfg = Debug|Any CPU
		{0FD07039-0F15-48A1-B691-4CD9315DD1DB}.Debug|Any CPU.Build.0 = Debug|Any CPU
		{0FD07039-0F15-48A1-B691-4CD9315DD1DB}.Release|Any CPU.ActiveCfg = Release|Any CPU
		{0FD07039-0F15-48A1-B691-4CD9315DD1DB}.Release|Any CPU.Build.0 = Release|Any CPU
		{70DDB8BB-13FA-4A5A-B9D0-26B0A6F37BCD}.Debug|Any CPU.ActiveCfg = Debug|Any CPU
		{70DDB8BB-13FA-4A5A-B9D0-26B0A6F37BCD}.Debug|Any CPU.Build.0 = Debug|Any CPU
		{70DDB8BB-13FA-4A5A-B9D0-26B0A6F37BCD}.Release|Any CPU.ActiveCfg = Release|Any CPU
		{70DDB8BB-13FA-4A5A-B9D0-26B0A6F37BCD}.Release|Any CPU.Build.0 = Release|Any CPU
		{C8A8E745-4DE5-4194-93DB-09DDA4A67A73}.Debug|Any CPU.ActiveCfg = Debug|Any CPU
		{C8A8E745-4DE5-4194-93DB-09DDA4A67A73}.Debug|Any CPU.Build.0 = Debug|Any CPU
		{C8A8E745-4DE5-4194-93DB-09DDA4A67A73}.Release|Any CPU.ActiveCfg = Release|Any CPU
		{C8A8E745-4DE5-4194-93DB-09DDA4A67A73}.Release|Any CPU.Build.0 = Release|Any CPU
		{2890CA9A-95B3-420B-9F6C-73ACE29B34B3}.Debug|Any CPU.ActiveCfg = Debug|Any CPU
		{2890CA9A-95B3-420B-9F6C-73ACE29B34B3}.Debug|Any CPU.Build.0 = Debug|Any CPU
		{2890CA9A-95B3-420B-9F6C-73ACE29B34B3}.Release|Any CPU.ActiveCfg = Release|Any CPU
		{2890CA9A-95B3-420B-9F6C-73ACE29B34B3}.Release|Any CPU.Build.0 = Release|Any CPU
		{2EB4B149-BE26-4BBC-9076-FCA14C01391A}.Debug|Any CPU.ActiveCfg = Debug|Any CPU
		{2EB4B149-BE26-4BBC-9076-FCA14C01391A}.Debug|Any CPU.Build.0 = Debug|Any CPU
		{2EB4B149-BE26-4BBC-9076-FCA14C01391A}.Release|Any CPU.ActiveCfg = Release|Any CPU
		{2EB4B149-BE26-4BBC-9076-FCA14C01391A}.Release|Any CPU.Build.0 = Release|Any CPU
		{F4792CFB-4E0F-4636-B944-DAAC31C7A62D}.Debug|Any CPU.ActiveCfg = Debug|Any CPU
		{F4792CFB-4E0F-4636-B944-DAAC31C7A62D}.Debug|Any CPU.Build.0 = Debug|Any CPU
		{F4792CFB-4E0F-4636-B944-DAAC31C7A62D}.Release|Any CPU.ActiveCfg = Release|Any CPU
		{F4792CFB-4E0F-4636-B944-DAAC31C7A62D}.Release|Any CPU.Build.0 = Release|Any CPU
		{DDAA68CC-349E-4B43-B314-99641DD8B5DA}.Debug|Any CPU.ActiveCfg = Debug|Any CPU
		{DDAA68CC-349E-4B43-B314-99641DD8B5DA}.Debug|Any CPU.Build.0 = Debug|Any CPU
		{DDAA68CC-349E-4B43-B314-99641DD8B5DA}.Release|Any CPU.ActiveCfg = Release|Any CPU
		{DDAA68CC-349E-4B43-B314-99641DD8B5DA}.Release|Any CPU.Build.0 = Release|Any CPU
		{4087105E-9278-4BF6-96B1-F3A904AC1570}.Debug|Any CPU.ActiveCfg = Debug|Any CPU
		{4087105E-9278-4BF6-96B1-F3A904AC1570}.Debug|Any CPU.Build.0 = Debug|Any CPU
		{4087105E-9278-4BF6-96B1-F3A904AC1570}.Release|Any CPU.ActiveCfg = Release|Any CPU
		{4087105E-9278-4BF6-96B1-F3A904AC1570}.Release|Any CPU.Build.0 = Release|Any CPU
		{7B69B1EF-8622-4C19-9985-389CF911FDCE}.Debug|Any CPU.ActiveCfg = Debug|Any CPU
		{7B69B1EF-8622-4C19-9985-389CF911FDCE}.Debug|Any CPU.Build.0 = Debug|Any CPU
		{7B69B1EF-8622-4C19-9985-389CF911FDCE}.Release|Any CPU.ActiveCfg = Release|Any CPU
		{7B69B1EF-8622-4C19-9985-389CF911FDCE}.Release|Any CPU.Build.0 = Release|Any CPU
		{B481B1F6-F617-4FA6-8807-8ED84BE965EA}.Debug|Any CPU.ActiveCfg = Debug|Any CPU
		{B481B1F6-F617-4FA6-8807-8ED84BE965EA}.Debug|Any CPU.Build.0 = Debug|Any CPU
		{B481B1F6-F617-4FA6-8807-8ED84BE965EA}.Release|Any CPU.ActiveCfg = Release|Any CPU
		{B481B1F6-F617-4FA6-8807-8ED84BE965EA}.Release|Any CPU.Build.0 = Release|Any CPU
		{3D646058-B8AA-4C57-83F8-156DB9D7B6A0}.Debug|Any CPU.ActiveCfg = Debug|Any CPU
		{3D646058-B8AA-4C57-83F8-156DB9D7B6A0}.Debug|Any CPU.Build.0 = Debug|Any CPU
		{3D646058-B8AA-4C57-83F8-156DB9D7B6A0}.Release|Any CPU.ActiveCfg = Release|Any CPU
		{3D646058-B8AA-4C57-83F8-156DB9D7B6A0}.Release|Any CPU.Build.0 = Release|Any CPU
		{7EA8895F-6C19-44AB-A1B3-7AFF3CC3E1FF}.Debug|Any CPU.ActiveCfg = Debug|Any CPU
		{7EA8895F-6C19-44AB-A1B3-7AFF3CC3E1FF}.Debug|Any CPU.Build.0 = Debug|Any CPU
		{7EA8895F-6C19-44AB-A1B3-7AFF3CC3E1FF}.Release|Any CPU.ActiveCfg = Release|Any CPU
		{7EA8895F-6C19-44AB-A1B3-7AFF3CC3E1FF}.Release|Any CPU.Build.0 = Release|Any CPU
	EndGlobalSection
	GlobalSection(SolutionProperties) = preSolution
		HideSolutionNode = FALSE
	EndGlobalSection
	GlobalSection(NestedProjects) = preSolution
		{32F40EE9-5374-4769-B37B-23D45A6470F8} = {7B8FAB8F-89CF-41E5-9914-F351902DC3E6}
		{9A977E70-2448-4EE3-8247-6891EAD093A9} = {32F40EE9-5374-4769-B37B-23D45A6470F8}
		{15D7717F-2843-4C11-8FC7-ED7942B16E04} = {32F40EE9-5374-4769-B37B-23D45A6470F8}
		{65527FB3-076C-44EC-A19A-2E730717A011} = {32F40EE9-5374-4769-B37B-23D45A6470F8}
		{0FD07039-0F15-48A1-B691-4CD9315DD1DB} = {7B8FAB8F-89CF-41E5-9914-F351902DC3E6}
		{70DDB8BB-13FA-4A5A-B9D0-26B0A6F37BCD} = {7B8FAB8F-89CF-41E5-9914-F351902DC3E6}
		{C8A8E745-4DE5-4194-93DB-09DDA4A67A73} = {7B8FAB8F-89CF-41E5-9914-F351902DC3E6}
		{2890CA9A-95B3-420B-9F6C-73ACE29B34B3} = {7B8FAB8F-89CF-41E5-9914-F351902DC3E6}
		{00DB8F87-55C8-4299-847C-A8B26AB4644D} = {A0598D63-9F7C-4F0E-8130-008F531D7598}
		{A4B64021-1559-4E3A-86F6-F63A42218EF4} = {A0598D63-9F7C-4F0E-8130-008F531D7598}
		{2EB4B149-BE26-4BBC-9076-FCA14C01391A} = {00DB8F87-55C8-4299-847C-A8B26AB4644D}
		{F4792CFB-4E0F-4636-B944-DAAC31C7A62D} = {00DB8F87-55C8-4299-847C-A8B26AB4644D}
		{DDAA68CC-349E-4B43-B314-99641DD8B5DA} = {00DB8F87-55C8-4299-847C-A8B26AB4644D}
		{4087105E-9278-4BF6-96B1-F3A904AC1570} = {00DB8F87-55C8-4299-847C-A8B26AB4644D}
		{7B69B1EF-8622-4C19-9985-389CF911FDCE} = {00DB8F87-55C8-4299-847C-A8B26AB4644D}
		{B481B1F6-F617-4FA6-8807-8ED84BE965EA} = {00DB8F87-55C8-4299-847C-A8B26AB4644D}
		{3D646058-B8AA-4C57-83F8-156DB9D7B6A0} = {A4B64021-1559-4E3A-86F6-F63A42218EF4}
		{7EA8895F-6C19-44AB-A1B3-7AFF3CC3E1FF} = {9A73C1BB-36E8-4C22-B123-DEDD0CF15C63}
	EndGlobalSection
EndGlobal
