
Microsoft Visual Studio Solution File, Format Version 12.00
# Visual Studio Version 17
VisualStudioVersion = 17.0.31903.59
MinimumVisualStudioVersion = 10.0.40219.1
Project("{2150E333-8FDC-42A3-9474-1A3956D46DE8}") = "src", "src", "{DDEA2A36-A095-4D6C-94F0-9C22F0D3A189}"
EndProject
Project("{2150E333-8FDC-42A3-9474-1A3956D46DE8}") = "docs", "docs", "{C8D5274F-AC00-46C7-1F8D-E88E81087A52}"
	ProjectSection(SolutionItems) = preProject
		..\docs\README.md = ..\docs\README.md
	EndProjectSection
EndProject
Project("{2150E333-8FDC-42A3-9474-1A3956D46DE8}") = "concepts", "concepts", "{7870D44A-2333-4D1F-BD4D-8AC497DEDC98}"
	ProjectSection(SolutionItems) = preProject
		..\docs\concepts\README.md = ..\docs\concepts\README.md
		..\docs\concepts\ARCHITECTURE.md = ..\docs\concepts\ARCHITECTURE.md
		..\docs\concepts\platform-roadmap.md = ..\docs\concepts\platform-roadmap.md
	EndProjectSection
EndProject
Project("{2150E333-8FDC-42A3-9474-1A3956D46DE8}") = "guides", "guides", "{0F9F0DF0-1E17-4F8A-8FE5-8A8DFA2D5C44}"
EndProject
Project("{2150E333-8FDC-42A3-9474-1A3956D46DE8}") = "quickstarts", "quickstarts", "{2EEBFCBC-E911-4A56-96D6-2016D573F007}"
	ProjectSection(SolutionItems) = preProject
		..\docs\guides\quickstarts\PLC-Code-Generation-Guide.md = ..\docs\guides\quickstarts\PLC-Code-Generation-Guide.md
	EndProjectSection
EndProject
Project("{2150E333-8FDC-42A3-9474-1A3956D46DE8}") = "operations", "operations", "{4BAF4BF4-16BC-4CC5-B49C-9E77763AB694}"
	ProjectSection(SolutionItems) = preProject
		..\docs\guides\operations\Retain-Memory-Guide.md = ..\docs\guides\operations\Retain-Memory-Guide.md
	EndProjectSection
EndProject
Project("{2150E333-8FDC-42A3-9474-1A3956D46DE8}") = "integration", "integration", "{43E33F5B-D61F-42CA-8A42-4EE40ED6916C}"
	ProjectSection(SolutionItems) = preProject
		..\docs\guides\integration\3rdParty-Integration-Guide.md = ..\docs\guides\integration\3rdParty-Integration-Guide.md
	EndProjectSection
EndProject
Project("{2150E333-8FDC-42A3-9474-1A3956D46DE8}") = "migration", "migration", "{49A74F3C-B547-4C64-B66E-8BD34D0BCEBB}"
	ProjectSection(SolutionItems) = preProject
		..\docs\guides\migration\MIGRATION-GUIDE.md = ..\docs\guides\migration\MIGRATION-GUIDE.md
	EndProjectSection
EndProject
Project("{2150E333-8FDC-42A3-9474-1A3956D46DE8}") = "manuals", "manuals", "{B69A2D3B-7BD5-4147-B869-486A0766AA02}"
EndProject
Project("{2150E333-8FDC-42A3-9474-1A3956D46DE8}") = "core", "core", "{20113CEE-2127-42D4-9A13-1F52946F3A29}"
	ProjectSection(SolutionItems) = preProject
		..\docs\guides\manuals\core\Ev2.Cpu.Core-사용자매뉴얼.md = ..\docs\guides\manuals\core\Ev2.Cpu.Core-사용자매뉴얼.md
	EndProjectSection
EndProject
Project("{2150E333-8FDC-42A3-9474-1A3956D46DE8}") = "generation", "generation", "{36C95D7D-485D-47DF-BB3F-5B095F92C9F3}"
	ProjectSection(SolutionItems) = preProject
		..\docs\guides\manuals\generation\Ev2.Cpu.Generation-사용자매뉴얼.md = ..\docs\guides\manuals\generation\Ev2.Cpu.Generation-사용자매뉴얼.md
		..\docs\guides\manuals\generation\Ev2.Cpu.Generation-사용자매뉴얼.legacy.md = ..\docs\guides\manuals\generation\Ev2.Cpu.Generation-사용자매뉴얼.legacy.md
	EndProjectSection
EndProject
Project("{2150E333-8FDC-42A3-9474-1A3956D46DE8}") = "runtime", "runtime", "{7BCEA220-4DA2-4D42-AEB0-0C56C20340A3}"
	ProjectSection(SolutionItems) = preProject
		..\docs\guides\manuals\runtime\Ev2.Cpu.Runtime-사용자매뉴얼.md = ..\docs\guides\manuals\runtime\Ev2.Cpu.Runtime-사용자매뉴얼.md
	EndProjectSection
EndProject
Project("{2150E333-8FDC-42A3-9474-1A3956D46DE8}") = "standard-library", "standard-library", "{AF406DDB-677A-4A6A-AE71-482EF7B5005D}"
	ProjectSection(SolutionItems) = preProject
		..\docs\guides\manuals\standard-library\Ev2.Cpu.StandardLibrary-사용자매뉴얼.md = ..\docs\guides\manuals\standard-library\Ev2.Cpu.StandardLibrary-사용자매뉴얼.md
	EndProjectSection
EndProject
Project("{2150E333-8FDC-42A3-9474-1A3956D46DE8}") = "reference", "reference", "{F0A3E031-5BD1-4B95-B212-AD9F2B0848F9}"
	ProjectSection(SolutionItems) = preProject
		..\docs\reference\Ev2.Cpu-API-Reference.md = ..\docs\reference\Ev2.Cpu-API-Reference.md
		..\docs\reference\Ev2.Cpu.StandardLibrary-Reference.md = ..\docs\reference\Ev2.Cpu.StandardLibrary-Reference.md
	EndProjectSection
EndProject
Project("{2150E333-8FDC-42A3-9474-1A3956D46DE8}") = "specs", "specs", "{A1B2C3D4-E5F6-47A8-B9C0-1D2E3F4A5B6C}"
EndProject
Project("{2150E333-8FDC-42A3-9474-1A3956D46DE8}") = "core", "core", "{A137A11D-585C-48E6-BBB2-56F3137703B4}"
	ProjectSection(SolutionItems) = preProject
		..\docs\specs\core\Ev2.Cpu.Core.md = ..\docs\specs\core\Ev2.Cpu.Core.md
		..\docs\specs\core\CPU 스팩문서.md = ..\docs\specs\core\CPU 스팩문서.md
	EndProjectSection
EndProject
Project("{2150E333-8FDC-42A3-9474-1A3956D46DE8}") = "runtime", "runtime", "{C868A249-6F37-4DDA-ABB4-3E497742E41E}"
	ProjectSection(SolutionItems) = preProject
		..\docs\specs\runtime\Ev2.Cpu.Runtime.md = ..\docs\specs\runtime\Ev2.Cpu.Runtime.md
		..\docs\specs\runtime\RuntimeSpec.md = ..\docs\specs\runtime\RuntimeSpec.md
	EndProjectSection
EndProject
Project("{2150E333-8FDC-42A3-9474-1A3956D46DE8}") = "codegen", "codegen", "{E5C5148C-9CD6-4F91-BC1A-87A7BC13E907}"
	ProjectSection(SolutionItems) = preProject
		..\docs\specs\codegen\Ev2.Cpu.CodeGen.md = ..\docs\specs\codegen\Ev2.Cpu.CodeGen.md
	EndProjectSection
EndProject
Project("{2150E333-8FDC-42A3-9474-1A3956D46DE8}") = "protocols", "protocols", "{C7716CF9-FCA1-4CC2-9839-1015B9B28EFD}"
	ProjectSection(SolutionItems) = preProject
		..\docs\specs\protocols\Ev2.Protocols.DevelopmentSpec.md = ..\docs\specs\protocols\Ev2.Protocols.DevelopmentSpec.md
	EndProjectSection
EndProject
Project("{2150E333-8FDC-42A3-9474-1A3956D46DE8}") = "errors", "errors", "{E7F8A9B0-1C2D-3E4F-5A6B-7C8D9E0F1A2B}"
	ProjectSection(SolutionItems) = preProject
		..\docs\오류 코드 레퍼런스.md = ..\docs\오류 코드 레퍼런스.md
		..\docs\오류-메모리관리.md = ..\docs\오류-메모리관리.md
		..\docs\오류-타입검증.md = ..\docs\오류-타입검증.md
		..\docs\오류-연산자검증.md = ..\docs\오류-연산자검증.md
		..\docs\오류-함수관련.md = ..\docs\오류-함수관련.md
		..\docs\오류-기타.md = ..\docs\오류-기타.md
	EndProjectSection
EndProject
Project("{2150E333-8FDC-42A3-9474-1A3956D46DE8}") = "tests", "tests", "{0DE7C980-238C-46CD-857B-58B8FD43EE36}"
EndProject
Project("{F2A71F9B-5D33-465A-A702-920D77279786}") = "Ev2.Cpu.Core", "cpu\Ev2.Cpu.Core\Ev2.Cpu.Core.fsproj", "{12622BBC-7FCD-4D1E-AED4-9D7DDFC1F49C}"
EndProject
Project("{F2A71F9B-5D33-465A-A702-920D77279786}") = "Ev2.Cpu.Runtime", "cpu\Ev2.Cpu.Runtime\Ev2.Cpu.Runtime.fsproj", "{D9662905-5716-4ABD-9941-492A6C94E0F7}"
EndProject
Project("{F2A71F9B-5D33-465A-A702-920D77279786}") = "Ev2.Cpu.Debug", "cpu\Ev2.Cpu.Debug\Ev2.Cpu.Debug.fsproj", "{7BC77F9A-5B37-4F3E-9AFA-3E9AB1BBE3F8}"
EndProject
Project("{F2A71F9B-5D33-465A-A702-920D77279786}") = "Ev2.Cpu.Core.Tests", "UintTest\cpu\Ev2.Cpu.Core.Tests\Ev2.Cpu.Core.Tests.fsproj", "{18A02681-109B-4AFD-9301-F951A99D90E5}"
EndProject
Project("{F2A71F9B-5D33-465A-A702-920D77279786}") = "Ev2.Cpu.Generation.Tests", "UintTest\cpu\Ev2.Cpu.CodeGen.Tests\Ev2.Cpu.Generation.Tests.fsproj", "{0B4FC222-BF01-4B6E-AC21-AD61595370AD}"
EndProject
Project("{F2A71F9B-5D33-465A-A702-920D77279786}") = "Ev2.Cpu.Runtime.Tests", "UintTest\cpu\Ev2.Cpu.Runtime.Tests\Ev2.Cpu.Runtime.Tests.fsproj", "{3A1BAB99-D26C-4C57-8AB5-0115A6E9CCDF}"
EndProject
Project("{F2A71F9B-5D33-465A-A702-920D77279786}") = "Ev2.Cpu.Generation", "cpu\Ev2.Cpu.Generation\Ev2.Cpu.Generation.fsproj", "{3A98E0C2-984E-BC01-0F83-6CAF1E275424}"
EndProject
Project("{F2A71F9B-5D33-465A-A702-920D77279786}") = "Ev2.Cpu.StandardLibrary", "cpu\Ev2.Cpu.StandardLibrary\Ev2.Cpu.StandardLibrary.fsproj", "{4E8BB1FA-9C23-4D7E-A5B1-2F3E9D8C7A6B}"
EndProject
Project("{F2A71F9B-5D33-465A-A702-920D77279786}") = "Ev2.Cpu.StandardLibrary.Tests", "UintTest\cpu\Ev2.Cpu.StandardLibrary.Tests\Ev2.Cpu.StandardLibrary.Tests.fsproj", "{8F2CC1DA-7B45-4E8F-B2C3-5A9E1F6D4B7E}"
EndProject
Global
	GlobalSection(SolutionConfigurationPlatforms) = preSolution
		Debug|Any CPU = Debug|Any CPU
		Debug|x64 = Debug|x64
		Debug|x86 = Debug|x86
		Release|Any CPU = Release|Any CPU
		Release|x64 = Release|x64
		Release|x86 = Release|x86
	EndGlobalSection
	GlobalSection(ProjectConfigurationPlatforms) = postSolution
		{12622BBC-7FCD-4D1E-AED4-9D7DDFC1F49C}.Debug|Any CPU.ActiveCfg = Debug|Any CPU
		{12622BBC-7FCD-4D1E-AED4-9D7DDFC1F49C}.Debug|Any CPU.Build.0 = Debug|Any CPU
		{12622BBC-7FCD-4D1E-AED4-9D7DDFC1F49C}.Debug|x64.ActiveCfg = Debug|Any CPU
		{12622BBC-7FCD-4D1E-AED4-9D7DDFC1F49C}.Debug|x64.Build.0 = Debug|Any CPU
		{12622BBC-7FCD-4D1E-AED4-9D7DDFC1F49C}.Debug|x86.ActiveCfg = Debug|Any CPU
		{12622BBC-7FCD-4D1E-AED4-9D7DDFC1F49C}.Debug|x86.Build.0 = Debug|Any CPU
		{12622BBC-7FCD-4D1E-AED4-9D7DDFC1F49C}.Release|Any CPU.ActiveCfg = Release|Any CPU
		{12622BBC-7FCD-4D1E-AED4-9D7DDFC1F49C}.Release|Any CPU.Build.0 = Release|Any CPU
		{12622BBC-7FCD-4D1E-AED4-9D7DDFC1F49C}.Release|x64.ActiveCfg = Release|Any CPU
		{12622BBC-7FCD-4D1E-AED4-9D7DDFC1F49C}.Release|x64.Build.0 = Release|Any CPU
		{12622BBC-7FCD-4D1E-AED4-9D7DDFC1F49C}.Release|x86.ActiveCfg = Release|Any CPU
		{12622BBC-7FCD-4D1E-AED4-9D7DDFC1F49C}.Release|x86.Build.0 = Release|Any CPU
		{D9662905-5716-4ABD-9941-492A6C94E0F7}.Debug|Any CPU.ActiveCfg = Debug|Any CPU
		{D9662905-5716-4ABD-9941-492A6C94E0F7}.Debug|Any CPU.Build.0 = Debug|Any CPU
		{D9662905-5716-4ABD-9941-492A6C94E0F7}.Debug|x64.ActiveCfg = Debug|Any CPU
		{D9662905-5716-4ABD-9941-492A6C94E0F7}.Debug|x64.Build.0 = Debug|Any CPU
		{D9662905-5716-4ABD-9941-492A6C94E0F7}.Debug|x86.ActiveCfg = Debug|Any CPU
		{D9662905-5716-4ABD-9941-492A6C94E0F7}.Debug|x86.Build.0 = Debug|Any CPU
		{D9662905-5716-4ABD-9941-492A6C94E0F7}.Release|Any CPU.ActiveCfg = Release|Any CPU
		{D9662905-5716-4ABD-9941-492A6C94E0F7}.Release|Any CPU.Build.0 = Release|Any CPU
		{D9662905-5716-4ABD-9941-492A6C94E0F7}.Release|x64.ActiveCfg = Release|Any CPU
		{D9662905-5716-4ABD-9941-492A6C94E0F7}.Release|x64.Build.0 = Release|Any CPU
		{D9662905-5716-4ABD-9941-492A6C94E0F7}.Release|x86.ActiveCfg = Release|Any CPU
		{D9662905-5716-4ABD-9941-492A6C94E0F7}.Release|x86.Build.0 = Release|Any CPU
		{7BC77F9A-5B37-4F3E-9AFA-3E9AB1BBE3F8}.Debug|Any CPU.ActiveCfg = Debug|Any CPU
		{7BC77F9A-5B37-4F3E-9AFA-3E9AB1BBE3F8}.Debug|Any CPU.Build.0 = Debug|Any CPU
		{7BC77F9A-5B37-4F3E-9AFA-3E9AB1BBE3F8}.Debug|x64.ActiveCfg = Debug|Any CPU
		{7BC77F9A-5B37-4F3E-9AFA-3E9AB1BBE3F8}.Debug|x64.Build.0 = Debug|Any CPU
		{7BC77F9A-5B37-4F3E-9AFA-3E9AB1BBE3F8}.Debug|x86.ActiveCfg = Debug|Any CPU
		{7BC77F9A-5B37-4F3E-9AFA-3E9AB1BBE3F8}.Debug|x86.Build.0 = Debug|Any CPU
		{7BC77F9A-5B37-4F3E-9AFA-3E9AB1BBE3F8}.Release|Any CPU.ActiveCfg = Release|Any CPU
		{7BC77F9A-5B37-4F3E-9AFA-3E9AB1BBE3F8}.Release|Any CPU.Build.0 = Release|Any CPU
		{7BC77F9A-5B37-4F3E-9AFA-3E9AB1BBE3F8}.Release|x64.ActiveCfg = Release|Any CPU
		{7BC77F9A-5B37-4F3E-9AFA-3E9AB1BBE3F8}.Release|x64.Build.0 = Release|Any CPU
		{7BC77F9A-5B37-4F3E-9AFA-3E9AB1BBE3F8}.Release|x86.ActiveCfg = Release|Any CPU
		{7BC77F9A-5B37-4F3E-9AFA-3E9AB1BBE3F8}.Release|x86.Build.0 = Release|Any CPU
		{18A02681-109B-4AFD-9301-F951A99D90E5}.Debug|Any CPU.ActiveCfg = Debug|Any CPU
		{18A02681-109B-4AFD-9301-F951A99D90E5}.Debug|Any CPU.Build.0 = Debug|Any CPU
		{18A02681-109B-4AFD-9301-F951A99D90E5}.Debug|x64.ActiveCfg = Debug|Any CPU
		{18A02681-109B-4AFD-9301-F951A99D90E5}.Debug|x64.Build.0 = Debug|Any CPU
		{18A02681-109B-4AFD-9301-F951A99D90E5}.Debug|x86.ActiveCfg = Debug|Any CPU
		{18A02681-109B-4AFD-9301-F951A99D90E5}.Debug|x86.Build.0 = Debug|Any CPU
		{18A02681-109B-4AFD-9301-F951A99D90E5}.Release|Any CPU.ActiveCfg = Release|Any CPU
		{18A02681-109B-4AFD-9301-F951A99D90E5}.Release|Any CPU.Build.0 = Release|Any CPU
		{18A02681-109B-4AFD-9301-F951A99D90E5}.Release|x64.ActiveCfg = Release|Any CPU
		{18A02681-109B-4AFD-9301-F951A99D90E5}.Release|x64.Build.0 = Release|Any CPU
		{18A02681-109B-4AFD-9301-F951A99D90E5}.Release|x86.ActiveCfg = Release|Any CPU
		{18A02681-109B-4AFD-9301-F951A99D90E5}.Release|x86.Build.0 = Release|Any CPU
		{0B4FC222-BF01-4B6E-AC21-AD61595370AD}.Debug|Any CPU.ActiveCfg = Debug|Any CPU
		{0B4FC222-BF01-4B6E-AC21-AD61595370AD}.Debug|Any CPU.Build.0 = Debug|Any CPU
		{0B4FC222-BF01-4B6E-AC21-AD61595370AD}.Debug|x64.ActiveCfg = Debug|Any CPU
		{0B4FC222-BF01-4B6E-AC21-AD61595370AD}.Debug|x64.Build.0 = Debug|Any CPU
		{0B4FC222-BF01-4B6E-AC21-AD61595370AD}.Debug|x86.ActiveCfg = Debug|Any CPU
		{0B4FC222-BF01-4B6E-AC21-AD61595370AD}.Debug|x86.Build.0 = Debug|Any CPU
		{0B4FC222-BF01-4B6E-AC21-AD61595370AD}.Release|Any CPU.ActiveCfg = Release|Any CPU
		{0B4FC222-BF01-4B6E-AC21-AD61595370AD}.Release|Any CPU.Build.0 = Release|Any CPU
		{0B4FC222-BF01-4B6E-AC21-AD61595370AD}.Release|x64.ActiveCfg = Release|Any CPU
		{0B4FC222-BF01-4B6E-AC21-AD61595370AD}.Release|x64.Build.0 = Release|Any CPU
		{0B4FC222-BF01-4B6E-AC21-AD61595370AD}.Release|x86.ActiveCfg = Release|Any CPU
		{0B4FC222-BF01-4B6E-AC21-AD61595370AD}.Release|x86.Build.0 = Release|Any CPU
		{3A1BAB99-D26C-4C57-8AB5-0115A6E9CCDF}.Debug|Any CPU.ActiveCfg = Debug|Any CPU
		{3A1BAB99-D26C-4C57-8AB5-0115A6E9CCDF}.Debug|Any CPU.Build.0 = Debug|Any CPU
		{3A1BAB99-D26C-4C57-8AB5-0115A6E9CCDF}.Debug|x64.ActiveCfg = Debug|Any CPU
		{3A1BAB99-D26C-4C57-8AB5-0115A6E9CCDF}.Debug|x64.Build.0 = Debug|Any CPU
		{3A1BAB99-D26C-4C57-8AB5-0115A6E9CCDF}.Debug|x86.ActiveCfg = Debug|Any CPU
		{3A1BAB99-D26C-4C57-8AB5-0115A6E9CCDF}.Debug|x86.Build.0 = Debug|Any CPU
		{3A1BAB99-D26C-4C57-8AB5-0115A6E9CCDF}.Release|Any CPU.ActiveCfg = Release|Any CPU
		{3A1BAB99-D26C-4C57-8AB5-0115A6E9CCDF}.Release|Any CPU.Build.0 = Release|Any CPU
		{3A1BAB99-D26C-4C57-8AB5-0115A6E9CCDF}.Release|x64.ActiveCfg = Release|Any CPU
		{3A1BAB99-D26C-4C57-8AB5-0115A6E9CCDF}.Release|x64.Build.0 = Release|Any CPU
		{3A1BAB99-D26C-4C57-8AB5-0115A6E9CCDF}.Release|x86.ActiveCfg = Release|Any CPU
		{3A1BAB99-D26C-4C57-8AB5-0115A6E9CCDF}.Release|x86.Build.0 = Release|Any CPU
		{3A98E0C2-984E-BC01-0F83-6CAF1E275424}.Debug|Any CPU.ActiveCfg = Debug|Any CPU
		{3A98E0C2-984E-BC01-0F83-6CAF1E275424}.Debug|Any CPU.Build.0 = Debug|Any CPU
		{3A98E0C2-984E-BC01-0F83-6CAF1E275424}.Debug|x64.ActiveCfg = Debug|Any CPU
		{3A98E0C2-984E-BC01-0F83-6CAF1E275424}.Debug|x64.Build.0 = Debug|Any CPU
		{3A98E0C2-984E-BC01-0F83-6CAF1E275424}.Debug|x86.ActiveCfg = Debug|Any CPU
		{3A98E0C2-984E-BC01-0F83-6CAF1E275424}.Debug|x86.Build.0 = Debug|Any CPU
		{3A98E0C2-984E-BC01-0F83-6CAF1E275424}.Release|Any CPU.ActiveCfg = Release|Any CPU
		{3A98E0C2-984E-BC01-0F83-6CAF1E275424}.Release|Any CPU.Build.0 = Release|Any CPU
		{3A98E0C2-984E-BC01-0F83-6CAF1E275424}.Release|x64.ActiveCfg = Release|Any CPU
		{3A98E0C2-984E-BC01-0F83-6CAF1E275424}.Release|x64.Build.0 = Release|Any CPU
		{3A98E0C2-984E-BC01-0F83-6CAF1E275424}.Release|x86.ActiveCfg = Release|Any CPU
		{3A98E0C2-984E-BC01-0F83-6CAF1E275424}.Release|x86.Build.0 = Release|Any CPU
		{4E8BB1FA-9C23-4D7E-A5B1-2F3E9D8C7A6B}.Debug|Any CPU.ActiveCfg = Debug|Any CPU
		{4E8BB1FA-9C23-4D7E-A5B1-2F3E9D8C7A6B}.Debug|Any CPU.Build.0 = Debug|Any CPU
		{4E8BB1FA-9C23-4D7E-A5B1-2F3E9D8C7A6B}.Debug|x64.ActiveCfg = Debug|Any CPU
		{4E8BB1FA-9C23-4D7E-A5B1-2F3E9D8C7A6B}.Debug|x64.Build.0 = Debug|Any CPU
		{4E8BB1FA-9C23-4D7E-A5B1-2F3E9D8C7A6B}.Debug|x86.ActiveCfg = Debug|Any CPU
		{4E8BB1FA-9C23-4D7E-A5B1-2F3E9D8C7A6B}.Debug|x86.Build.0 = Debug|Any CPU
		{4E8BB1FA-9C23-4D7E-A5B1-2F3E9D8C7A6B}.Release|Any CPU.ActiveCfg = Release|Any CPU
		{4E8BB1FA-9C23-4D7E-A5B1-2F3E9D8C7A6B}.Release|Any CPU.Build.0 = Release|Any CPU
		{4E8BB1FA-9C23-4D7E-A5B1-2F3E9D8C7A6B}.Release|x64.ActiveCfg = Release|Any CPU
		{4E8BB1FA-9C23-4D7E-A5B1-2F3E9D8C7A6B}.Release|x64.Build.0 = Release|Any CPU
		{4E8BB1FA-9C23-4D7E-A5B1-2F3E9D8C7A6B}.Release|x86.ActiveCfg = Release|Any CPU
		{4E8BB1FA-9C23-4D7E-A5B1-2F3E9D8C7A6B}.Release|x86.Build.0 = Release|Any CPU
		{8F2CC1DA-7B45-4E8F-B2C3-5A9E1F6D4B7E}.Debug|Any CPU.ActiveCfg = Debug|Any CPU
		{8F2CC1DA-7B45-4E8F-B2C3-5A9E1F6D4B7E}.Debug|Any CPU.Build.0 = Debug|Any CPU
		{8F2CC1DA-7B45-4E8F-B2C3-5A9E1F6D4B7E}.Debug|x64.ActiveCfg = Debug|Any CPU
		{8F2CC1DA-7B45-4E8F-B2C3-5A9E1F6D4B7E}.Debug|x64.Build.0 = Debug|Any CPU
		{8F2CC1DA-7B45-4E8F-B2C3-5A9E1F6D4B7E}.Debug|x86.ActiveCfg = Debug|Any CPU
		{8F2CC1DA-7B45-4E8F-B2C3-5A9E1F6D4B7E}.Debug|x86.Build.0 = Debug|Any CPU
		{8F2CC1DA-7B45-4E8F-B2C3-5A9E1F6D4B7E}.Release|Any CPU.ActiveCfg = Release|Any CPU
		{8F2CC1DA-7B45-4E8F-B2C3-5A9E1F6D4B7E}.Release|Any CPU.Build.0 = Release|Any CPU
		{8F2CC1DA-7B45-4E8F-B2C3-5A9E1F6D4B7E}.Release|x64.ActiveCfg = Release|Any CPU
		{8F2CC1DA-7B45-4E8F-B2C3-5A9E1F6D4B7E}.Release|x64.Build.0 = Release|Any CPU
		{8F2CC1DA-7B45-4E8F-B2C3-5A9E1F6D4B7E}.Release|x86.ActiveCfg = Release|Any CPU
		{8F2CC1DA-7B45-4E8F-B2C3-5A9E1F6D4B7E}.Release|x86.Build.0 = Release|Any CPU
	EndGlobalSection
	GlobalSection(SolutionProperties) = preSolution
		HideSolutionNode = FALSE
	EndGlobalSection
	GlobalSection(NestedProjects) = preSolution
		{12622BBC-7FCD-4D1E-AED4-9D7DDFC1F49C} = {DDEA2A36-A095-4D6C-94F0-9C22F0D3A189}
		{D9662905-5716-4ABD-9941-492A6C94E0F7} = {DDEA2A36-A095-4D6C-94F0-9C22F0D3A189}
		{18A02681-109B-4AFD-9301-F951A99D90E5} = {0DE7C980-238C-46CD-857B-58B8FD43EE36}
		{0B4FC222-BF01-4B6E-AC21-AD61595370AD} = {0DE7C980-238C-46CD-857B-58B8FD43EE36}
		{3A1BAB99-D26C-4C57-8AB5-0115A6E9CCDF} = {0DE7C980-238C-46CD-857B-58B8FD43EE36}
		{3A98E0C2-984E-BC01-0F83-6CAF1E275424} = {DDEA2A36-A095-4D6C-94F0-9C22F0D3A189}
		{4E8BB1FA-9C23-4D7E-A5B1-2F3E9D8C7A6B} = {DDEA2A36-A095-4D6C-94F0-9C22F0D3A189}
		{8F2CC1DA-7B45-4E8F-B2C3-5A9E1F6D4B7E} = {0DE7C980-238C-46CD-857B-58B8FD43EE36}
		{7870D44A-2333-4D1F-BD4D-8AC497DEDC98} = {C8D5274F-AC00-46C7-1F8D-E88E81087A52}
		{0F9F0DF0-1E17-4F8A-8FE5-8A8DFA2D5C44} = {C8D5274F-AC00-46C7-1F8D-E88E81087A52}
		{2EEBFCBC-E911-4A56-96D6-2016D573F007} = {0F9F0DF0-1E17-4F8A-8FE5-8A8DFA2D5C44}
		{4BAF4BF4-16BC-4CC5-B49C-9E77763AB694} = {0F9F0DF0-1E17-4F8A-8FE5-8A8DFA2D5C44}
		{43E33F5B-D61F-42CA-8A42-4EE40ED6916C} = {0F9F0DF0-1E17-4F8A-8FE5-8A8DFA2D5C44}
		{49A74F3C-B547-4C64-B66E-8BD34D0BCEBB} = {0F9F0DF0-1E17-4F8A-8FE5-8A8DFA2D5C44}
		{B69A2D3B-7BD5-4147-B869-486A0766AA02} = {0F9F0DF0-1E17-4F8A-8FE5-8A8DFA2D5C44}
		{20113CEE-2127-42D4-9A13-1F52946F3A29} = {B69A2D3B-7BD5-4147-B869-486A0766AA02}
		{36C95D7D-485D-47DF-BB3F-5B095F92C9F3} = {B69A2D3B-7BD5-4147-B869-486A0766AA02}
		{7BCEA220-4DA2-4D42-AEB0-0C56C20340A3} = {B69A2D3B-7BD5-4147-B869-486A0766AA02}
		{AF406DDB-677A-4A6A-AE71-482EF7B5005D} = {B69A2D3B-7BD5-4147-B869-486A0766AA02}
		{F0A3E031-5BD1-4B95-B212-AD9F2B0848F9} = {C8D5274F-AC00-46C7-1F8D-E88E81087A52}
		{A1B2C3D4-E5F6-47A8-B9C0-1D2E3F4A5B6C} = {C8D5274F-AC00-46C7-1F8D-E88E81087A52}
		{A137A11D-585C-48E6-BBB2-56F3137703B4} = {A1B2C3D4-E5F6-47A8-B9C0-1D2E3F4A5B6C}
		{C868A249-6F37-4DDA-ABB4-3E497742E41E} = {A1B2C3D4-E5F6-47A8-B9C0-1D2E3F4A5B6C}
		{E5C5148C-9CD6-4F91-BC1A-87A7BC13E907} = {A1B2C3D4-E5F6-47A8-B9C0-1D2E3F4A5B6C}
		{C7716CF9-FCA1-4CC2-9839-1015B9B28EFD} = {A1B2C3D4-E5F6-47A8-B9C0-1D2E3F4A5B6C}
		{E7F8A9B0-1C2D-3E4F-5A6B-7C8D9E0F1A2B} = {C8D5274F-AC00-46C7-1F8D-E88E81087A52}
	EndGlobalSection
	GlobalSection(ExtensibilityGlobals) = postSolution
		SolutionGuid = {3289A875-24FA-44B5-93C2-1C2A30FF37A7}
	EndGlobalSection
EndGlobal
