
Microsoft Visual Studio Solution File, Format Version 12.00
# Visual Studio Version 17
VisualStudioVersion = 17.0.31903.59
MinimumVisualStudioVersion = 10.0.40219.1
Project("{2150E333-8FDC-42A3-9474-1A3956D46DE8}") = "nuget", "nuget", "{02EA681E-C7D8-13C7-8484-4AC65E1B71E8}"
EndProject
Project("{2150E333-8FDC-42A3-9474-1A3956D46DE8}") = "engine", "engine", "{8B7346C4-33AD-44AB-A6CB-7990A20AFD54}"
EndProject
Project("{F2A71F9B-5D33-465A-A702-920D77279786}") = "Dual.Common.Base.FS", "..\submodules\nuget\Common\Dual.Common.Base.FS\Dual.Common.Base.FS.fsproj", "{BC2A91D1-6BD5-3E6B-01BF-C7BA4C0FE7F9}"
EndProject
Project("{F2A71F9B-5D33-465A-A702-920D77279786}") = "Dual.Common.Core.FS", "..\submodules\nuget\Common\Dual.Common.Core.FS\Dual.Common.Core.FS.fsproj", "{6B711653-DF8B-F077-0FED-99B3277393A2}"
EndProject
Project("{F2A71F9B-5D33-465A-A702-920D77279786}") = "Dual.Common.Db.FS", "..\submodules\nuget\Common\Dual.Common.Db.FS\Dual.Common.Db.FS.fsproj", "{DEDABE6B-740F-B341-8E05-516ADBDDBCEF}"
EndProject
Project("{F2A71F9B-5D33-465A-A702-920D77279786}") = "Ev2.Core.FS", "engine\Ev2.Core.FS\Ev2.Core.FS.fsproj", "{F7C31A9E-5FE4-4EDF-87E4-8D5019280FD1}"
EndProject
Project("{2150E333-8FDC-42A3-9474-1A3956D46DE8}") = "unittest", "unittest", "{D73FE292-67C0-4C2F-B669-ED6B0EF46205}"
EndProject
Project("{F2A71F9B-5D33-465A-A702-920D77279786}") = "UnitTest.Core", "unit-test\UnitTest.Core\UnitTest.Core.fsproj", "{CD567837-94B2-BBE2-7346-F39B8F45B16F}"
EndProject
Project("{F2A71F9B-5D33-465A-A702-920D77279786}") = "Dual.Common.UnitTest.FS", "..\submodules\nuget\Common\Dual.Common.UnitTest.FS\Dual.Common.UnitTest.FS.fsproj", "{90A555CB-59D0-5341-2DB0-E81AC20FD9AC}"
EndProject
Project("{F2A71F9B-5D33-465A-A702-920D77279786}") = "Ev2.Aas.FS", "engine\Ev2.Aas.FS\Ev2.Aas.FS.fsproj", "{B1D07720-375B-4EC5-3F88-211D4AD3B715}"
EndProject
Project("{2150E333-8FDC-42A3-9474-1A3956D46DE8}") = "솔루션 항목", "솔루션 항목", "{2A3A057F-5D22-31FD-628C-DF5EF75AEF1E}"
	ProjectSection(SolutionItems) = preProject
		..\docs\Spec\EV2_Rule.md = ..\docs\Spec\EV2_Rule.md
		..\docs\Spec\EV2_Spec.md = ..\docs\Spec\EV2_Spec.md
	EndProjectSection
EndProject
Global
	GlobalSection(SolutionConfigurationPlatforms) = preSolution
		Debug|Any CPU = Debug|Any CPU
		Release|Any CPU = Release|Any CPU
	EndGlobalSection
	GlobalSection(ProjectConfigurationPlatforms) = postSolution
		{BC2A91D1-6BD5-3E6B-01BF-C7BA4C0FE7F9}.Debug|Any CPU.ActiveCfg = Debug|Any CPU
		{BC2A91D1-6BD5-3E6B-01BF-C7BA4C0FE7F9}.Debug|Any CPU.Build.0 = Debug|Any CPU
		{BC2A91D1-6BD5-3E6B-01BF-C7BA4C0FE7F9}.Release|Any CPU.ActiveCfg = Release|Any CPU
		{BC2A91D1-6BD5-3E6B-01BF-C7BA4C0FE7F9}.Release|Any CPU.Build.0 = Release|Any CPU
		{6B711653-DF8B-F077-0FED-99B3277393A2}.Debug|Any CPU.ActiveCfg = Debug|Any CPU
		{6B711653-DF8B-F077-0FED-99B3277393A2}.Debug|Any CPU.Build.0 = Debug|Any CPU
		{6B711653-DF8B-F077-0FED-99B3277393A2}.Release|Any CPU.ActiveCfg = Release|Any CPU
		{6B711653-DF8B-F077-0FED-99B3277393A2}.Release|Any CPU.Build.0 = Release|Any CPU
		{DEDABE6B-740F-B341-8E05-516ADBDDBCEF}.Debug|Any CPU.ActiveCfg = Debug|Any CPU
		{DEDABE6B-740F-B341-8E05-516ADBDDBCEF}.Debug|Any CPU.Build.0 = Debug|Any CPU
		{DEDABE6B-740F-B341-8E05-516ADBDDBCEF}.Release|Any CPU.ActiveCfg = Release|Any CPU
		{DEDABE6B-740F-B341-8E05-516ADBDDBCEF}.Release|Any CPU.Build.0 = Release|Any CPU
		{F7C31A9E-5FE4-4EDF-87E4-8D5019280FD1}.Debug|Any CPU.ActiveCfg = Debug|Any CPU
		{F7C31A9E-5FE4-4EDF-87E4-8D5019280FD1}.Debug|Any CPU.Build.0 = Debug|Any CPU
		{F7C31A9E-5FE4-4EDF-87E4-8D5019280FD1}.Release|Any CPU.ActiveCfg = Release|Any CPU
		{F7C31A9E-5FE4-4EDF-87E4-8D5019280FD1}.Release|Any CPU.Build.0 = Release|Any CPU
		{CD567837-94B2-BBE2-7346-F39B8F45B16F}.Debug|Any CPU.ActiveCfg = Debug|Any CPU
		{CD567837-94B2-BBE2-7346-F39B8F45B16F}.Debug|Any CPU.Build.0 = Debug|Any CPU
		{CD567837-94B2-BBE2-7346-F39B8F45B16F}.Release|Any CPU.ActiveCfg = Release|Any CPU
		{CD567837-94B2-BBE2-7346-F39B8F45B16F}.Release|Any CPU.Build.0 = Release|Any CPU
		{90A555CB-59D0-5341-2DB0-E81AC20FD9AC}.Debug|Any CPU.ActiveCfg = Debug|Any CPU
		{90A555CB-59D0-5341-2DB0-E81AC20FD9AC}.Debug|Any CPU.Build.0 = Debug|Any CPU
		{90A555CB-59D0-5341-2DB0-E81AC20FD9AC}.Release|Any CPU.ActiveCfg = Release|Any CPU
		{90A555CB-59D0-5341-2DB0-E81AC20FD9AC}.Release|Any CPU.Build.0 = Release|Any CPU
		{B1D07720-375B-4EC5-3F88-211D4AD3B715}.Debug|Any CPU.ActiveCfg = Debug|Any CPU
		{B1D07720-375B-4EC5-3F88-211D4AD3B715}.Debug|Any CPU.Build.0 = Debug|Any CPU
		{B1D07720-375B-4EC5-3F88-211D4AD3B715}.Release|Any CPU.ActiveCfg = Release|Any CPU
		{B1D07720-375B-4EC5-3F88-211D4AD3B715}.Release|Any CPU.Build.0 = Release|Any CPU
	EndGlobalSection
	GlobalSection(SolutionProperties) = preSolution
		HideSolutionNode = FALSE
	EndGlobalSection
	GlobalSection(NestedProjects) = preSolution
		{BC2A91D1-6BD5-3E6B-01BF-C7BA4C0FE7F9} = {02EA681E-C7D8-13C7-8484-4AC65E1B71E8}
		{6B711653-DF8B-F077-0FED-99B3277393A2} = {02EA681E-C7D8-13C7-8484-4AC65E1B71E8}
		{DEDABE6B-740F-B341-8E05-516ADBDDBCEF} = {02EA681E-C7D8-13C7-8484-4AC65E1B71E8}
		{F7C31A9E-5FE4-4EDF-87E4-8D5019280FD1} = {8B7346C4-33AD-44AB-A6CB-7990A20AFD54}
		{CD567837-94B2-BBE2-7346-F39B8F45B16F} = {D73FE292-67C0-4C2F-B669-ED6B0EF46205}
		{90A555CB-59D0-5341-2DB0-E81AC20FD9AC} = {02EA681E-C7D8-13C7-8484-4AC65E1B71E8}
		{B1D07720-375B-4EC5-3F88-211D4AD3B715} = {8B7346C4-33AD-44AB-A6CB-7990A20AFD54}
	EndGlobalSection
	GlobalSection(ExtensibilityGlobals) = postSolution
		SolutionGuid = {ECA6317A-9AE4-4081-9DBE-DE379EDD6040}
	EndGlobalSection
EndGlobal
