
Microsoft Visual Studio Solution File, Format Version 12.00
# Visual Studio Version 17
VisualStudioVersion = 17.0.31903.59
MinimumVisualStudioVersion = 10.0.40219.1
Project("{2150E333-8FDC-42A3-9474-1A3956D46DE8}") = "nuget", "nuget", "{E2F92588-3BC0-4894-8164-A4FA21581332}"
EndProject
Project("{F2A71F9B-5D33-465A-A702-920D77279786}") = "Dual.Common.Antlr.FS", "..\..\..\submodules\nuget\Common\Dual.Common.Antlr.FS\Dual.Common.Antlr.FS.fsproj", "{9D2493B6-64C6-44B2-9E14-A173B80044B9}"
EndProject
Project("{FAE04EC0-301F-11D3-BF4B-00C04F79EFBC}") = "Dual.Common.Base.CS", "..\..\..\submodules\nuget\Common\Dual.Common.Base.CS\Dual.Common.Base.CS.csproj", "{D2490BDD-B28C-45A9-B102-C0AE294526C8}"
EndProject
Project("{F2A71F9B-5D33-465A-A702-920D77279786}") = "Dual.Common.Base.FS", "..\..\..\submodules\nuget\Common\Dual.Common.Base.FS\Dual.Common.Base.FS.fsproj", "{2DFB0C85-F5DB-4906-8379-40EC43CC46C5}"
EndProject
Project("{FAE04EC0-301F-11D3-BF4B-00C04F79EFBC}") = "Dual.Common.Core", "..\..\..\submodules\nuget\Common\Dual.Common.Core\Dual.Common.Core.csproj", "{63B0EABC-6118-447D-AFDE-8CD7695987AA}"
EndProject
Project("{F2A71F9B-5D33-465A-A702-920D77279786}") = "Dual.Common.Core.FS", "..\..\..\submodules\nuget\Common\Dual.Common.Core.FS\Dual.Common.Core.FS.fsproj", "{F37D9A41-4677-47A7-BC99-F720A1FFE8EA}"
EndProject
Project("{2150E333-8FDC-42A3-9474-1A3956D46DE8}") = "unit-test", "unit-test", "{863EBCBF-3BED-4B60-A9FC-0D1F66DE9199}"
EndProject
Project("{F2A71F9B-5D33-465A-A702-920D77279786}") = "Plc2DS.UnitTest", "unit-test\Plc2DS.UnitTest\Plc2DS.UnitTest.fsproj", "{3F359A69-2575-41EF-9AA5-2649EC0C363F}"
EndProject
Project("{F2A71F9B-5D33-465A-A702-920D77279786}") = "Dual.Common.UnitTest.FS", "..\..\..\submodules\nuget\Common\Dual.Common.UnitTest.FS\Dual.Common.UnitTest.FS.fsproj", "{82E95584-6D0B-4473-B5CD-53494445EB98}"
EndProject
Project("{F2A71F9B-5D33-465A-A702-920D77279786}") = "Dual.PLC.TagParser.FS", "..\..\..\submodules\nuget\PLC\Dual.PLC.TagParser.FS\Dual.PLC.TagParser.FS.fsproj", "{FAB04E37-2855-41E6-8134-4940C7EB84C9}"
EndProject
Project("{FAE04EC0-301F-11D3-BF4B-00C04F79EFBC}") = "Dual.Plc2DS.AB.Parser", "Dual.Plc2DS.AB.Parser\Dual.Plc2DS.AB.Parser.csproj", "{A568B913-CDC2-4121-B056-83BC7E53008F}"
EndProject
Project("{F2A71F9B-5D33-465A-A702-920D77279786}") = "Dual.Plc2DS", "Dual.Plc2DS\Dual.Plc2DS.fsproj", "{947FC14D-F726-49DD-9132-C27B7AADF8F7}"
EndProject
Project("{F2A71F9B-5D33-465A-A702-920D77279786}") = "ConsoleTestApp", "ConsoleTestApp\ConsoleTestApp.fsproj", "{A878C269-313F-4DB4-8181-2B99C0E02115}"
EndProject
Project("{FAE04EC0-301F-11D3-BF4B-00C04F79EFBC}") = "Dual.Common.AppSettings", "..\..\..\submodules\nuget\Common\Dual.Common.AppSettings\Dual.Common.AppSettings.csproj", "{43BD16C2-53C9-425A-9375-D5650C585126}"
EndProject
Global
	GlobalSection(SolutionConfigurationPlatforms) = preSolution
		Debug|Any CPU = Debug|Any CPU
		Release|Any CPU = Release|Any CPU
	EndGlobalSection
	GlobalSection(ProjectConfigurationPlatforms) = postSolution
		{9D2493B6-64C6-44B2-9E14-A173B80044B9}.Debug|Any CPU.ActiveCfg = Debug|Any CPU
		{9D2493B6-64C6-44B2-9E14-A173B80044B9}.Debug|Any CPU.Build.0 = Debug|Any CPU
		{9D2493B6-64C6-44B2-9E14-A173B80044B9}.Release|Any CPU.ActiveCfg = Release|Any CPU
		{9D2493B6-64C6-44B2-9E14-A173B80044B9}.Release|Any CPU.Build.0 = Release|Any CPU
		{D2490BDD-B28C-45A9-B102-C0AE294526C8}.Debug|Any CPU.ActiveCfg = Debug|Any CPU
		{D2490BDD-B28C-45A9-B102-C0AE294526C8}.Debug|Any CPU.Build.0 = Debug|Any CPU
		{D2490BDD-B28C-45A9-B102-C0AE294526C8}.Release|Any CPU.ActiveCfg = Release|Any CPU
		{D2490BDD-B28C-45A9-B102-C0AE294526C8}.Release|Any CPU.Build.0 = Release|Any CPU
		{2DFB0C85-F5DB-4906-8379-40EC43CC46C5}.Debug|Any CPU.ActiveCfg = Debug|Any CPU
		{2DFB0C85-F5DB-4906-8379-40EC43CC46C5}.Debug|Any CPU.Build.0 = Debug|Any CPU
		{2DFB0C85-F5DB-4906-8379-40EC43CC46C5}.Release|Any CPU.ActiveCfg = Release|Any CPU
		{2DFB0C85-F5DB-4906-8379-40EC43CC46C5}.Release|Any CPU.Build.0 = Release|Any CPU
		{63B0EABC-6118-447D-AFDE-8CD7695987AA}.Debug|Any CPU.ActiveCfg = Debug|Any CPU
		{63B0EABC-6118-447D-AFDE-8CD7695987AA}.Debug|Any CPU.Build.0 = Debug|Any CPU
		{63B0EABC-6118-447D-AFDE-8CD7695987AA}.Release|Any CPU.ActiveCfg = Release|Any CPU
		{63B0EABC-6118-447D-AFDE-8CD7695987AA}.Release|Any CPU.Build.0 = Release|Any CPU
		{F37D9A41-4677-47A7-BC99-F720A1FFE8EA}.Debug|Any CPU.ActiveCfg = Debug|Any CPU
		{F37D9A41-4677-47A7-BC99-F720A1FFE8EA}.Debug|Any CPU.Build.0 = Debug|Any CPU
		{F37D9A41-4677-47A7-BC99-F720A1FFE8EA}.Release|Any CPU.ActiveCfg = Release|Any CPU
		{F37D9A41-4677-47A7-BC99-F720A1FFE8EA}.Release|Any CPU.Build.0 = Release|Any CPU
		{3F359A69-2575-41EF-9AA5-2649EC0C363F}.Debug|Any CPU.ActiveCfg = Debug|Any CPU
		{3F359A69-2575-41EF-9AA5-2649EC0C363F}.Debug|Any CPU.Build.0 = Debug|Any CPU
		{3F359A69-2575-41EF-9AA5-2649EC0C363F}.Release|Any CPU.ActiveCfg = Release|Any CPU
		{3F359A69-2575-41EF-9AA5-2649EC0C363F}.Release|Any CPU.Build.0 = Release|Any CPU
		{82E95584-6D0B-4473-B5CD-53494445EB98}.Debug|Any CPU.ActiveCfg = Debug|Any CPU
		{82E95584-6D0B-4473-B5CD-53494445EB98}.Debug|Any CPU.Build.0 = Debug|Any CPU
		{82E95584-6D0B-4473-B5CD-53494445EB98}.Release|Any CPU.ActiveCfg = Release|Any CPU
		{82E95584-6D0B-4473-B5CD-53494445EB98}.Release|Any CPU.Build.0 = Release|Any CPU
		{FAB04E37-2855-41E6-8134-4940C7EB84C9}.Debug|Any CPU.ActiveCfg = Debug|Any CPU
		{FAB04E37-2855-41E6-8134-4940C7EB84C9}.Debug|Any CPU.Build.0 = Debug|Any CPU
		{FAB04E37-2855-41E6-8134-4940C7EB84C9}.Release|Any CPU.ActiveCfg = Release|Any CPU
		{FAB04E37-2855-41E6-8134-4940C7EB84C9}.Release|Any CPU.Build.0 = Release|Any CPU
		{A568B913-CDC2-4121-B056-83BC7E53008F}.Debug|Any CPU.ActiveCfg = Debug|Any CPU
		{A568B913-CDC2-4121-B056-83BC7E53008F}.Debug|Any CPU.Build.0 = Debug|Any CPU
		{A568B913-CDC2-4121-B056-83BC7E53008F}.Release|Any CPU.ActiveCfg = Release|Any CPU
		{A568B913-CDC2-4121-B056-83BC7E53008F}.Release|Any CPU.Build.0 = Release|Any CPU
		{947FC14D-F726-49DD-9132-C27B7AADF8F7}.Debug|Any CPU.ActiveCfg = Debug|Any CPU
		{947FC14D-F726-49DD-9132-C27B7AADF8F7}.Debug|Any CPU.Build.0 = Debug|Any CPU
		{947FC14D-F726-49DD-9132-C27B7AADF8F7}.Release|Any CPU.ActiveCfg = Release|Any CPU
		{947FC14D-F726-49DD-9132-C27B7AADF8F7}.Release|Any CPU.Build.0 = Release|Any CPU
		{A878C269-313F-4DB4-8181-2B99C0E02115}.Debug|Any CPU.ActiveCfg = Debug|Any CPU
		{A878C269-313F-4DB4-8181-2B99C0E02115}.Debug|Any CPU.Build.0 = Debug|Any CPU
		{A878C269-313F-4DB4-8181-2B99C0E02115}.Release|Any CPU.ActiveCfg = Release|Any CPU
		{A878C269-313F-4DB4-8181-2B99C0E02115}.Release|Any CPU.Build.0 = Release|Any CPU
		{43BD16C2-53C9-425A-9375-D5650C585126}.Debug|Any CPU.ActiveCfg = Debug|Any CPU
		{43BD16C2-53C9-425A-9375-D5650C585126}.Debug|Any CPU.Build.0 = Debug|Any CPU
		{43BD16C2-53C9-425A-9375-D5650C585126}.Release|Any CPU.ActiveCfg = Release|Any CPU
		{43BD16C2-53C9-425A-9375-D5650C585126}.Release|Any CPU.Build.0 = Release|Any CPU
	EndGlobalSection
	GlobalSection(SolutionProperties) = preSolution
		HideSolutionNode = FALSE
	EndGlobalSection
	GlobalSection(NestedProjects) = preSolution
		{9D2493B6-64C6-44B2-9E14-A173B80044B9} = {E2F92588-3BC0-4894-8164-A4FA21581332}
		{D2490BDD-B28C-45A9-B102-C0AE294526C8} = {E2F92588-3BC0-4894-8164-A4FA21581332}
		{2DFB0C85-F5DB-4906-8379-40EC43CC46C5} = {E2F92588-3BC0-4894-8164-A4FA21581332}
		{63B0EABC-6118-447D-AFDE-8CD7695987AA} = {E2F92588-3BC0-4894-8164-A4FA21581332}
		{F37D9A41-4677-47A7-BC99-F720A1FFE8EA} = {E2F92588-3BC0-4894-8164-A4FA21581332}
		{3F359A69-2575-41EF-9AA5-2649EC0C363F} = {863EBCBF-3BED-4B60-A9FC-0D1F66DE9199}
		{82E95584-6D0B-4473-B5CD-53494445EB98} = {E2F92588-3BC0-4894-8164-A4FA21581332}
		{FAB04E37-2855-41E6-8134-4940C7EB84C9} = {E2F92588-3BC0-4894-8164-A4FA21581332}
		{43BD16C2-53C9-425A-9375-D5650C585126} = {E2F92588-3BC0-4894-8164-A4FA21581332}
	EndGlobalSection
EndGlobal
